{
  "version": 4,
  "terraform_version": "1.3.1",
  "serial": 679,
  "lineage": "56a48e0b-9fd2-2a8a-bd92-81d7912b2828",
  "outputs": {},
  "resources": [
    {
      "mode": "managed",
      "type": "aws_s3_bucket",
      "name": "frontend",
      "provider": "provider[\"registry.terraform.io/hashicorp/aws\"]",
      "instances": [
        {
          "schema_version": 0,
          "attributes": {
            "acceleration_status": "",
            "acl": null,
            "arn": "arn:aws:s3:::agendamientofrontend-eaesof-865373903242",
            "bucket": "agendamientofrontend-eaesof-865373903242",
            "bucket_domain_name": "agendamientofrontend-eaesof-865373903242.s3.amazonaws.com",
            "bucket_prefix": null,
            "bucket_regional_domain_name": "agendamientofrontend-eaesof-865373903242.s3.amazonaws.com",
            "cors_rule": [],
            "force_destroy": false,
            "grant": [
              {
                "id": "bc6dcad9687f25aa3241d14f9b5df79802edf53a6dc2af1ae2ea2ad3101d0911",
                "permissions": [
                  "FULL_CONTROL"
                ],
                "type": "CanonicalUser",
                "uri": ""
              }
            ],
            "hosted_zone_id": "Z3AQBSTGFYJSTF",
            "id": "agendamientofrontend-eaesof-865373903242",
            "lifecycle_rule": [],
            "logging": [],
            "object_lock_configuration": [],
            "object_lock_enabled": false,
            "policy": "{\"Version\":\"2008-10-17\",\"Id\":\"PolicyForCloudFrontPrivateContent\",\"Statement\":[{\"Sid\":\"1\",\"Effect\":\"Allow\",\"Principal\":{\"AWS\":\"arn:aws:iam::cloudfront:user/CloudFront Origin Access Identity E1ACE39W09ORTZ\"},\"Action\":\"s3:GetObject\",\"Resource\":\"arn:aws:s3:::agendamientofrontend-eaesof-865373903242/*\"}]}",
            "region": "us-east-1",
            "replication_configuration": [],
            "request_payer": "BucketOwner",
            "server_side_encryption_configuration": [],
            "tags": {},
            "tags_all": {
              "auto-delete": "never"
            },
            "timeouts": null,
            "versioning": [
              {
                "enabled": false,
                "mfa_delete": false
              }
            ],
            "website": [],
            "website_domain": null,
            "website_endpoint": null
          },
          "sensitive_attributes": [],
          "private": "eyJlMmJmYjczMC1lY2FhLTExZTYtOGY4OC0zNDM2M2JjN2M0YzAiOnsiY3JlYXRlIjoxMjAwMDAwMDAwMDAwLCJkZWxldGUiOjM2MDAwMDAwMDAwMDAsInJlYWQiOjEyMDAwMDAwMDAwMDAsInVwZGF0ZSI6MTIwMDAwMDAwMDAwMH19"
        }
      ]
    }
  ],
  "check_results": []
}
