{
  "version": 4,
  "terraform_version": "1.3.1",
  "serial": 1778,
  "lineage": "56a48e0b-9fd2-2a8a-bd92-81d7912b2828",
  "outputs": {
    "alb_to_ecs_sg": {
      "value": "sg-0408b78c400e9c567",
      "type": "string"
    },
    "private_subnets": {
      "value": [
        "subnet-0b330b40771257a9f",
        "subnet-0a51f9e943db7104f"
      ],
      "type": [
        "tuple",
        [
          "string",
          "string"
        ]
      ]
    },
    "public_subnets": {
      "value": [
        "subnet-08b48e5b68d100155",
        "subnet-03ce5d2b73d649a2c"
      ],
      "type": [
        "tuple",
        [
          "string",
          "string"
        ]
      ]
    },
    "vpc_id": {
      "value": "vpc-0f396ac8a2b5165e0",
      "type": "string"
    }
  },
  "resources": [
    {
      "mode": "data",
      "type": "aws_availability_zones",
      "name": "available",
      "provider": "provider[\"registry.terraform.io/hashicorp/aws\"]",
      "instances": [
        {
          "schema_version": 0,
          "attributes": {
            "all_availability_zones": null,
            "exclude_names": null,
            "exclude_zone_ids": null,
            "filter": null,
            "group_names": [
              "us-east-1"
            ],
            "id": "us-east-1",
            "names": [
              "us-east-1a",
              "us-east-1b",
              "us-east-1c",
              "us-east-1d",
              "us-east-1e",
              "us-east-1f"
            ],
            "state": "available",
            "timeouts": null,
            "zone_ids": [
              "use1-az2",
              "use1-az4",
              "use1-az6",
              "use1-az1",
              "use1-az3",
              "use1-az5"
            ]
          },
          "sensitive_attributes": []
        }
      ]
    },
    {
      "mode": "data",
      "type": "aws_caller_identity",
      "name": "current",
      "provider": "provider[\"registry.terraform.io/hashicorp/aws\"]",
      "instances": [
        {
          "schema_version": 0,
          "attributes": {
            "account_id": "006078069859",
            "arn": "arn:aws:sts::006078069859:assumed-role/Admin/yilmarh-Isengard",
            "id": "006078069859",
            "user_id": "AROAQC2SH7RRSN34R6LCV:yilmarh-Isengard"
          },
          "sensitive_attributes": []
        }
      ]
    },
    {
      "mode": "data",
      "type": "aws_region",
      "name": "current",
      "provider": "provider[\"registry.terraform.io/hashicorp/aws\"]",
      "instances": [
        {
          "schema_version": 0,
          "attributes": {
            "description": "US East (N. Virginia)",
            "endpoint": "ec2.us-east-1.amazonaws.com",
            "id": "us-east-1",
            "name": "us-east-1"
          },
          "sensitive_attributes": []
        }
      ]
    },
    {
      "mode": "managed",
      "type": "aws_api_gateway_rest_api",
      "name": "api_gateway",
      "provider": "provider[\"registry.terraform.io/hashicorp/aws\"]",
      "instances": [
        {
          "schema_version": 0,
          "attributes": {
            "api_key_source": "HEADER",
            "arn": "arn:aws:apigateway:us-east-1::/restapis/90kj2czq7b",
            "binary_media_types": [],
            "body": null,
            "created_date": "2022-10-27T00:22:09Z",
            "description": "",
            "disable_execute_api_endpoint": false,
            "endpoint_configuration": [
              {
                "types": [
                  "EDGE"
                ],
                "vpc_endpoint_ids": []
              }
            ],
            "execution_arn": "arn:aws:execute-api:us-east-1:006078069859:90kj2czq7b",
            "id": "90kj2czq7b",
            "minimum_compression_size": -1,
            "name": "apigateway-eaesoft",
            "parameters": null,
            "policy": "",
            "put_rest_api_mode": null,
            "root_resource_id": "2fqjz7vgh4",
            "tags": {},
            "tags_all": {
              "auto-delete": "never"
            }
          },
          "sensitive_attributes": [],
          "private": "bnVsbA=="
        }
      ]
    },
    {
      "mode": "managed",
      "type": "aws_api_gateway_vpc_link",
      "name": "nlb_vpc_link",
      "provider": "provider[\"registry.terraform.io/hashicorp/aws\"]",
      "instances": [
        {
          "schema_version": 0,
          "attributes": {
            "arn": "arn:aws:apigateway:us-east-1::/vpclinks/twnjvj",
            "description": "eaesof VPC Link",
            "id": "twnjvj",
            "name": "vpclink-eaesof",
            "tags": {},
            "tags_all": {
              "auto-delete": "never"
            },
            "target_arns": [
              "arn:aws:elasticloadbalancing:us-east-1:006078069859:loadbalancer/net/nlb-eaesof/4187aa28cb1fa860"
            ]
          },
          "sensitive_attributes": [],
          "private": "bnVsbA==",
          "dependencies": [
            "aws_lb.nlb",
            "data.aws_availability_zones.available",
            "module.vpc.aws_subnet.private",
            "module.vpc.aws_vpc.this",
            "module.vpc.aws_vpc_ipv4_cidr_block_association.this"
          ]
        }
      ]
    },
    {
      "mode": "managed",
      "type": "aws_appmesh_mesh",
      "name": "app_mesh",
      "provider": "provider[\"registry.terraform.io/hashicorp/aws\"]",
      "instances": [
        {
          "schema_version": 0,
          "attributes": {
            "arn": "arn:aws:appmesh:us-east-1:006078069859:mesh/eaesof",
            "created_date": "2022-10-27T00:23:08Z",
            "id": "eaesof",
            "last_updated_date": "2022-10-27T00:23:08Z",
            "mesh_owner": "006078069859",
            "name": "eaesof",
            "resource_owner": "006078069859",
            "spec": [
              {
                "egress_filter": [
                  {
                    "type": "ALLOW_ALL"
                  }
                ]
              }
            ],
            "tags": {},
            "tags_all": {
              "auto-delete": "never"
            }
          },
          "sensitive_attributes": [],
          "private": "bnVsbA==",
          "dependencies": [
            "aws_service_discovery_private_dns_namespace.cloudmap",
            "module.vpc.aws_vpc.this"
          ]
        }
      ]
    },
    {
      "mode": "managed",
      "type": "aws_appmesh_virtual_node",
      "name": "vn_service1",
      "provider": "provider[\"registry.terraform.io/hashicorp/aws\"]",
      "instances": [
        {
          "schema_version": 1,
          "attributes": {
            "arn": "arn:aws:appmesh:us-east-1:006078069859:mesh/eaesof/virtualNode/usuarios",
            "created_date": "2022-10-27T00:23:09Z",
            "id": "2cdbd592-965b-4f29-8b97-e2c5744a091c",
            "last_updated_date": "2022-10-27T00:23:09Z",
            "mesh_name": "eaesof",
            "mesh_owner": "006078069859",
            "name": "usuarios",
            "resource_owner": "006078069859",
            "spec": [
              {
                "backend": [],
                "backend_defaults": [],
                "listener": [
                  {
                    "connection_pool": [],
                    "health_check": [],
                    "outlier_detection": [],
                    "port_mapping": [
                      {
                        "port": 8080,
                        "protocol": "http"
                      }
                    ],
                    "timeout": [],
                    "tls": []
                  }
                ],
                "logging": [],
                "service_discovery": [
                  {
                    "aws_cloud_map": [
                      {
                        "attributes": {
                          "stack": "blue"
                        },
                        "namespace_name": "eaesof.prod.local",
                        "service_name": "usuarios"
                      }
                    ],
                    "dns": []
                  }
                ]
              }
            ],
            "tags": {},
            "tags_all": {
              "auto-delete": "never"
            }
          },
          "sensitive_attributes": [],
          "private": "eyJzY2hlbWFfdmVyc2lvbiI6IjEifQ==",
          "dependencies": [
            "aws_appmesh_mesh.app_mesh",
            "aws_service_discovery_private_dns_namespace.cloudmap",
            "module.vpc.aws_vpc.this"
          ]
        }
      ]
    },
    {
      "mode": "managed",
      "type": "aws_appmesh_virtual_node",
      "name": "vn_service2",
      "provider": "provider[\"registry.terraform.io/hashicorp/aws\"]",
      "instances": [
        {
          "schema_version": 1,
          "attributes": {
            "arn": "arn:aws:appmesh:us-east-1:006078069859:mesh/eaesof/virtualNode/infracciones",
            "created_date": "2022-10-27T00:23:09Z",
            "id": "1abe90a3-737f-4d3c-aaa5-a6cb3a73fae4",
            "last_updated_date": "2022-10-27T00:23:09Z",
            "mesh_name": "eaesof",
            "mesh_owner": "006078069859",
            "name": "infracciones",
            "resource_owner": "006078069859",
            "spec": [
              {
                "backend": [],
                "backend_defaults": [],
                "listener": [
                  {
                    "connection_pool": [],
                    "health_check": [],
                    "outlier_detection": [],
                    "port_mapping": [
                      {
                        "port": 8081,
                        "protocol": "http"
                      }
                    ],
                    "timeout": [],
                    "tls": []
                  }
                ],
                "logging": [],
                "service_discovery": [
                  {
                    "aws_cloud_map": [
                      {
                        "attributes": {
                          "stack": "blue"
                        },
                        "namespace_name": "eaesof.prod.local",
                        "service_name": "infracciones"
                      }
                    ],
                    "dns": []
                  }
                ]
              }
            ],
            "tags": {},
            "tags_all": {
              "auto-delete": "never"
            }
          },
          "sensitive_attributes": [],
          "private": "eyJzY2hlbWFfdmVyc2lvbiI6IjEifQ==",
          "dependencies": [
            "aws_appmesh_mesh.app_mesh",
            "aws_service_discovery_private_dns_namespace.cloudmap",
            "module.vpc.aws_vpc.this"
          ]
        }
      ]
    },
    {
      "mode": "managed",
      "type": "aws_appmesh_virtual_node",
      "name": "vn_service3",
      "provider": "provider[\"registry.terraform.io/hashicorp/aws\"]",
      "instances": [
        {
          "schema_version": 1,
          "attributes": {
            "arn": "arn:aws:appmesh:us-east-1:006078069859:mesh/eaesof/virtualNode/agendamiento",
            "created_date": "2022-10-27T00:23:09Z",
            "id": "3d12b2eb-9db7-4ea4-b7c0-ea729fef6e1d",
            "last_updated_date": "2022-10-27T00:23:09Z",
            "mesh_name": "eaesof",
            "mesh_owner": "006078069859",
            "name": "agendamiento",
            "resource_owner": "006078069859",
            "spec": [
              {
                "backend": [],
                "backend_defaults": [],
                "listener": [
                  {
                    "connection_pool": [],
                    "health_check": [],
                    "outlier_detection": [],
                    "port_mapping": [
                      {
                        "port": 8082,
                        "protocol": "http"
                      }
                    ],
                    "timeout": [],
                    "tls": []
                  }
                ],
                "logging": [],
                "service_discovery": [
                  {
                    "aws_cloud_map": [
                      {
                        "attributes": {
                          "stack": "blue"
                        },
                        "namespace_name": "eaesof.prod.local",
                        "service_name": "agendamiento"
                      }
                    ],
                    "dns": []
                  }
                ]
              }
            ],
            "tags": {},
            "tags_all": {
              "auto-delete": "never"
            }
          },
          "sensitive_attributes": [],
          "private": "eyJzY2hlbWFfdmVyc2lvbiI6IjEifQ==",
          "dependencies": [
            "aws_appmesh_mesh.app_mesh",
            "aws_service_discovery_private_dns_namespace.cloudmap",
            "module.vpc.aws_vpc.this"
          ]
        }
      ]
    },
    {
      "mode": "managed",
      "type": "aws_appmesh_virtual_service",
      "name": "vs_service1",
      "provider": "provider[\"registry.terraform.io/hashicorp/aws\"]",
      "instances": [
        {
          "schema_version": 0,
          "attributes": {
            "arn": "arn:aws:appmesh:us-east-1:006078069859:mesh/eaesof/virtualService/usuarios",
            "created_date": "2022-10-27T00:23:10Z",
            "id": "03d0d9c0-428a-4ed8-90c4-30c17fe7cccf",
            "last_updated_date": "2022-10-27T00:23:10Z",
            "mesh_name": "eaesof",
            "mesh_owner": "006078069859",
            "name": "usuarios",
            "resource_owner": "006078069859",
            "spec": [
              {
                "provider": [
                  {
                    "virtual_node": [
                      {
                        "virtual_node_name": "usuarios"
                      }
                    ],
                    "virtual_router": []
                  }
                ]
              }
            ],
            "tags": {},
            "tags_all": {
              "auto-delete": "never"
            }
          },
          "sensitive_attributes": [],
          "private": "bnVsbA==",
          "dependencies": [
            "aws_appmesh_mesh.app_mesh",
            "aws_appmesh_virtual_node.vn_service1",
            "aws_service_discovery_private_dns_namespace.cloudmap",
            "module.vpc.aws_vpc.this"
          ]
        }
      ]
    },
    {
      "mode": "managed",
      "type": "aws_appmesh_virtual_service",
      "name": "vs_service2",
      "provider": "provider[\"registry.terraform.io/hashicorp/aws\"]",
      "instances": [
        {
          "schema_version": 0,
          "attributes": {
            "arn": "arn:aws:appmesh:us-east-1:006078069859:mesh/eaesof/virtualService/infracciones",
            "created_date": "2022-10-27T00:23:10Z",
            "id": "acf70a0d-f777-4ba8-a6f7-03f71284c759",
            "last_updated_date": "2022-10-27T00:23:10Z",
            "mesh_name": "eaesof",
            "mesh_owner": "006078069859",
            "name": "infracciones",
            "resource_owner": "006078069859",
            "spec": [
              {
                "provider": [
                  {
                    "virtual_node": [
                      {
                        "virtual_node_name": "infracciones"
                      }
                    ],
                    "virtual_router": []
                  }
                ]
              }
            ],
            "tags": {},
            "tags_all": {
              "auto-delete": "never"
            }
          },
          "sensitive_attributes": [],
          "private": "bnVsbA==",
          "dependencies": [
            "aws_appmesh_mesh.app_mesh",
            "aws_appmesh_virtual_node.vn_service2",
            "aws_service_discovery_private_dns_namespace.cloudmap",
            "module.vpc.aws_vpc.this"
          ]
        }
      ]
    },
    {
      "mode": "managed",
      "type": "aws_appmesh_virtual_service",
      "name": "vs_service3",
      "provider": "provider[\"registry.terraform.io/hashicorp/aws\"]",
      "instances": [
        {
          "schema_version": 0,
          "attributes": {
            "arn": "arn:aws:appmesh:us-east-1:006078069859:mesh/eaesof/virtualService/agendamiento",
            "created_date": "2022-10-27T00:23:10Z",
            "id": "9e6e601f-6218-4191-b928-2383da0ca69b",
            "last_updated_date": "2022-10-27T00:23:10Z",
            "mesh_name": "eaesof",
            "mesh_owner": "006078069859",
            "name": "agendamiento",
            "resource_owner": "006078069859",
            "spec": [
              {
                "provider": [
                  {
                    "virtual_node": [
                      {
                        "virtual_node_name": "agendamiento"
                      }
                    ],
                    "virtual_router": []
                  }
                ]
              }
            ],
            "tags": {},
            "tags_all": {
              "auto-delete": "never"
            }
          },
          "sensitive_attributes": [],
          "private": "bnVsbA==",
          "dependencies": [
            "aws_appmesh_mesh.app_mesh",
            "aws_appmesh_virtual_node.vn_service3",
            "aws_service_discovery_private_dns_namespace.cloudmap",
            "module.vpc.aws_vpc.this"
          ]
        }
      ]
    },
    {
      "mode": "managed",
      "type": "aws_cloudwatch_log_group",
      "name": "ecs_log_group_service1",
      "provider": "provider[\"registry.terraform.io/hashicorp/aws\"]",
      "instances": [
        {
          "schema_version": 0,
          "attributes": {
            "arn": "arn:aws:logs:us-east-1:006078069859:log-group:/ecs/task-eaesof-usuarios",
            "id": "/ecs/task-eaesof-usuarios",
            "kms_key_id": "",
            "name": "/ecs/task-eaesof-usuarios",
            "name_prefix": null,
            "retention_in_days": 3,
            "tags": {},
            "tags_all": {
              "auto-delete": "never"
            }
          },
          "sensitive_attributes": [],
          "private": "bnVsbA=="
        }
      ]
    },
    {
      "mode": "managed",
      "type": "aws_cloudwatch_log_group",
      "name": "ecs_log_group_service2",
      "provider": "provider[\"registry.terraform.io/hashicorp/aws\"]",
      "instances": [
        {
          "schema_version": 0,
          "attributes": {
            "arn": "arn:aws:logs:us-east-1:006078069859:log-group:/ecs/task-eaesof-infracciones",
            "id": "/ecs/task-eaesof-infracciones",
            "kms_key_id": "",
            "name": "/ecs/task-eaesof-infracciones",
            "name_prefix": null,
            "retention_in_days": 3,
            "tags": {},
            "tags_all": {
              "auto-delete": "never"
            }
          },
          "sensitive_attributes": [],
          "private": "bnVsbA=="
        }
      ]
    },
    {
      "mode": "managed",
      "type": "aws_cloudwatch_log_group",
      "name": "ecs_log_group_service3",
      "provider": "provider[\"registry.terraform.io/hashicorp/aws\"]",
      "instances": [
        {
          "schema_version": 0,
          "attributes": {
            "arn": "arn:aws:logs:us-east-1:006078069859:log-group:/ecs/task-eaesof-agendamiento",
            "id": "/ecs/task-eaesof-agendamiento",
            "kms_key_id": "",
            "name": "/ecs/task-eaesof-agendamiento",
            "name_prefix": null,
            "retention_in_days": 3,
            "tags": {},
            "tags_all": {
              "auto-delete": "never"
            }
          },
          "sensitive_attributes": [],
          "private": "bnVsbA=="
        }
      ]
    },
    {
      "mode": "managed",
      "type": "aws_ecr_repository",
      "name": "service1",
      "provider": "provider[\"registry.terraform.io/hashicorp/aws\"]",
      "instances": [
        {
          "schema_version": 0,
          "attributes": {
            "arn": "arn:aws:ecr:us-east-1:006078069859:repository/usuarios-eaesof",
            "encryption_configuration": [
              {
                "encryption_type": "AES256",
                "kms_key": ""
              }
            ],
            "force_delete": null,
            "id": "usuarios-eaesof",
            "image_scanning_configuration": [
              {
                "scan_on_push": false
              }
            ],
            "image_tag_mutability": "MUTABLE",
            "name": "usuarios-eaesof",
            "registry_id": "006078069859",
            "repository_url": "006078069859.dkr.ecr.us-east-1.amazonaws.com/usuarios-eaesof",
            "tags": {},
            "tags_all": {
              "auto-delete": "never"
            },
            "timeouts": null
          },
          "sensitive_attributes": [],
          "private": "eyJlMmJmYjczMC1lY2FhLTExZTYtOGY4OC0zNDM2M2JjN2M0YzAiOnsiZGVsZXRlIjoxMjAwMDAwMDAwMDAwfX0="
        }
      ]
    },
    {
      "mode": "managed",
      "type": "aws_ecr_repository",
      "name": "service2",
      "provider": "provider[\"registry.terraform.io/hashicorp/aws\"]",
      "instances": [
        {
          "schema_version": 0,
          "attributes": {
            "arn": "arn:aws:ecr:us-east-1:006078069859:repository/infracciones-eaesof",
            "encryption_configuration": [
              {
                "encryption_type": "AES256",
                "kms_key": ""
              }
            ],
            "force_delete": null,
            "id": "infracciones-eaesof",
            "image_scanning_configuration": [
              {
                "scan_on_push": false
              }
            ],
            "image_tag_mutability": "MUTABLE",
            "name": "infracciones-eaesof",
            "registry_id": "006078069859",
            "repository_url": "006078069859.dkr.ecr.us-east-1.amazonaws.com/infracciones-eaesof",
            "tags": {},
            "tags_all": {
              "auto-delete": "never"
            },
            "timeouts": null
          },
          "sensitive_attributes": [],
          "private": "eyJlMmJmYjczMC1lY2FhLTExZTYtOGY4OC0zNDM2M2JjN2M0YzAiOnsiZGVsZXRlIjoxMjAwMDAwMDAwMDAwfX0="
        }
      ]
    },
    {
      "mode": "managed",
      "type": "aws_ecr_repository",
      "name": "service3",
      "provider": "provider[\"registry.terraform.io/hashicorp/aws\"]",
      "instances": [
        {
          "schema_version": 0,
          "attributes": {
            "arn": "arn:aws:ecr:us-east-1:006078069859:repository/agendamiento-eaesof",
            "encryption_configuration": [
              {
                "encryption_type": "AES256",
                "kms_key": ""
              }
            ],
            "force_delete": null,
            "id": "agendamiento-eaesof",
            "image_scanning_configuration": [
              {
                "scan_on_push": false
              }
            ],
            "image_tag_mutability": "MUTABLE",
            "name": "agendamiento-eaesof",
            "registry_id": "006078069859",
            "repository_url": "006078069859.dkr.ecr.us-east-1.amazonaws.com/agendamiento-eaesof",
            "tags": {},
            "tags_all": {
              "auto-delete": "never"
            },
            "timeouts": null
          },
          "sensitive_attributes": [],
          "private": "eyJlMmJmYjczMC1lY2FhLTExZTYtOGY4OC0zNDM2M2JjN2M0YzAiOnsiZGVsZXRlIjoxMjAwMDAwMDAwMDAwfX0="
        }
      ]
    },
    {
      "mode": "managed",
      "type": "aws_ecs_cluster",
      "name": "ecs_cluster",
      "provider": "provider[\"registry.terraform.io/hashicorp/aws\"]",
      "instances": [
        {
          "schema_version": 0,
          "attributes": {
            "arn": "arn:aws:ecs:us-east-1:006078069859:cluster/eaesof",
            "capacity_providers": [],
            "configuration": [],
            "default_capacity_provider_strategy": [],
            "id": "arn:aws:ecs:us-east-1:006078069859:cluster/eaesof",
            "name": "eaesof",
            "setting": [
              {
                "name": "containerInsights",
                "value": "enabled"
              }
            ],
            "tags": {},
            "tags_all": {
              "auto-delete": "never"
            }
          },
          "sensitive_attributes": [],
          "private": "bnVsbA==",
          "dependencies": [
            "aws_appmesh_mesh.app_mesh",
            "aws_service_discovery_private_dns_namespace.cloudmap",
            "module.vpc.aws_vpc.this"
          ]
        }
      ]
    },
    {
      "mode": "managed",
      "type": "aws_ecs_service",
      "name": "ecs_service1",
      "provider": "provider[\"registry.terraform.io/hashicorp/aws\"]",
      "instances": [
        {
          "schema_version": 0,
          "attributes": {
            "capacity_provider_strategy": [],
            "cluster": "arn:aws:ecs:us-east-1:006078069859:cluster/eaesof",
            "deployment_circuit_breaker": [
              {
                "enable": false,
                "rollback": false
              }
            ],
            "deployment_controller": [
              {
                "type": "ECS"
              }
            ],
            "deployment_maximum_percent": 200,
            "deployment_minimum_healthy_percent": 100,
            "desired_count": 1,
            "enable_ecs_managed_tags": false,
            "enable_execute_command": false,
            "force_new_deployment": null,
            "health_check_grace_period_seconds": 120,
            "iam_role": "aws-service-role",
            "id": "arn:aws:ecs:us-east-1:006078069859:service/eaesof/usuarios",
            "launch_type": "FARGATE",
            "load_balancer": [
              {
                "container_name": "cont-eaesof-usuarios",
                "container_port": 8080,
                "elb_name": "",
                "target_group_arn": "arn:aws:elasticloadbalancing:us-east-1:006078069859:targetgroup/tg-eaesof-usuarios/692051be43a9c00a"
              }
            ],
            "name": "usuarios",
            "network_configuration": [
              {
                "assign_public_ip": false,
                "security_groups": [
                  "sg-0408b78c400e9c567"
                ],
                "subnets": [
                  "subnet-0a51f9e943db7104f",
                  "subnet-0b330b40771257a9f"
                ]
              }
            ],
            "ordered_placement_strategy": [],
            "placement_constraints": [],
            "platform_version": "LATEST",
            "propagate_tags": "SERVICE",
            "scheduling_strategy": "REPLICA",
            "service_registries": [
              {
                "container_name": "",
                "container_port": 0,
                "port": 0,
                "registry_arn": "arn:aws:servicediscovery:us-east-1:006078069859:service/srv-siwe6hhc6lkmnvur"
              }
            ],
            "tags": {},
            "tags_all": {
              "auto-delete": "never"
            },
            "task_definition": "task-eaesof-usuarios:23",
            "timeouts": null,
            "wait_for_steady_state": false
          },
          "sensitive_attributes": [],
          "private": "eyJlMmJmYjczMC1lY2FhLTExZTYtOGY4OC0zNDM2M2JjN2M0YzAiOnsiY3JlYXRlIjoxMjAwMDAwMDAwMDAwLCJkZWxldGUiOjEyMDAwMDAwMDAwMDAsInVwZGF0ZSI6MTIwMDAwMDAwMDAwMH19",
          "dependencies": [
            "aws_appmesh_mesh.app_mesh",
            "aws_ecs_cluster.ecs_cluster",
            "aws_ecs_task_definition.task_definition_service1",
            "aws_lb_target_group.target_group_service1",
            "aws_security_group.alb_to_ecs_tasks_sg",
            "aws_service_discovery_private_dns_namespace.cloudmap",
            "aws_service_discovery_service.cm_service1",
            "data.aws_availability_zones.available",
            "module.vpc.aws_subnet.private",
            "module.vpc.aws_vpc.this",
            "module.vpc.aws_vpc_ipv4_cidr_block_association.this"
          ]
        }
      ]
    },
    {
      "mode": "managed",
      "type": "aws_ecs_service",
      "name": "ecs_service2",
      "provider": "provider[\"registry.terraform.io/hashicorp/aws\"]",
      "instances": [
        {
          "schema_version": 0,
          "attributes": {
            "capacity_provider_strategy": [],
            "cluster": "arn:aws:ecs:us-east-1:006078069859:cluster/eaesof",
            "deployment_circuit_breaker": [
              {
                "enable": false,
                "rollback": false
              }
            ],
            "deployment_controller": [
              {
                "type": "ECS"
              }
            ],
            "deployment_maximum_percent": 200,
            "deployment_minimum_healthy_percent": 100,
            "desired_count": 1,
            "enable_ecs_managed_tags": false,
            "enable_execute_command": false,
            "force_new_deployment": null,
            "health_check_grace_period_seconds": 120,
            "iam_role": "aws-service-role",
            "id": "arn:aws:ecs:us-east-1:006078069859:service/eaesof/infracciones",
            "launch_type": "FARGATE",
            "load_balancer": [
              {
                "container_name": "cont-eaesof-infracciones",
                "container_port": 8081,
                "elb_name": "",
                "target_group_arn": "arn:aws:elasticloadbalancing:us-east-1:006078069859:targetgroup/tg-eaesof-infracciones/0d1662d4c553d229"
              }
            ],
            "name": "infracciones",
            "network_configuration": [
              {
                "assign_public_ip": false,
                "security_groups": [
                  "sg-0408b78c400e9c567"
                ],
                "subnets": [
                  "subnet-0a51f9e943db7104f",
                  "subnet-0b330b40771257a9f"
                ]
              }
            ],
            "ordered_placement_strategy": [],
            "placement_constraints": [],
            "platform_version": "LATEST",
            "propagate_tags": "SERVICE",
            "scheduling_strategy": "REPLICA",
            "service_registries": [
              {
                "container_name": "",
                "container_port": 0,
                "port": 0,
                "registry_arn": "arn:aws:servicediscovery:us-east-1:006078069859:service/srv-f7zp72qumjj3udbd"
              }
            ],
            "tags": {},
            "tags_all": {
              "auto-delete": "never"
            },
            "task_definition": "task-eaesof-infracciones:6",
            "timeouts": null,
            "wait_for_steady_state": false
          },
          "sensitive_attributes": [],
          "private": "eyJlMmJmYjczMC1lY2FhLTExZTYtOGY4OC0zNDM2M2JjN2M0YzAiOnsiY3JlYXRlIjoxMjAwMDAwMDAwMDAwLCJkZWxldGUiOjEyMDAwMDAwMDAwMDAsInVwZGF0ZSI6MTIwMDAwMDAwMDAwMH19",
          "dependencies": [
            "aws_appmesh_mesh.app_mesh",
            "aws_ecs_cluster.ecs_cluster",
            "aws_ecs_task_definition.task_definition_service2",
            "aws_lb_target_group.target_group_service2",
            "aws_security_group.alb_to_ecs_tasks_sg",
            "aws_service_discovery_private_dns_namespace.cloudmap",
            "aws_service_discovery_service.cm_service2",
            "data.aws_availability_zones.available",
            "module.vpc.aws_subnet.private",
            "module.vpc.aws_vpc.this",
            "module.vpc.aws_vpc_ipv4_cidr_block_association.this"
          ]
        }
      ]
    },
    {
      "mode": "managed",
      "type": "aws_ecs_service",
      "name": "ecs_service3",
      "provider": "provider[\"registry.terraform.io/hashicorp/aws\"]",
      "instances": [
        {
          "schema_version": 0,
          "attributes": {
            "capacity_provider_strategy": [],
            "cluster": "arn:aws:ecs:us-east-1:006078069859:cluster/eaesof",
            "deployment_circuit_breaker": [
              {
                "enable": false,
                "rollback": false
              }
            ],
            "deployment_controller": [
              {
                "type": "ECS"
              }
            ],
            "deployment_maximum_percent": 200,
            "deployment_minimum_healthy_percent": 100,
            "desired_count": 0,
            "enable_ecs_managed_tags": false,
            "enable_execute_command": false,
            "force_new_deployment": null,
            "health_check_grace_period_seconds": 120,
            "iam_role": "aws-service-role",
            "id": "arn:aws:ecs:us-east-1:006078069859:service/eaesof/agendamiento",
            "launch_type": "FARGATE",
            "load_balancer": [
              {
                "container_name": "cont-eaesof-agendamiento",
                "container_port": 8082,
                "elb_name": "",
                "target_group_arn": "arn:aws:elasticloadbalancing:us-east-1:006078069859:targetgroup/tg-eaesof-agendamiento/8607c68c253942d1"
              }
            ],
            "name": "agendamiento",
            "network_configuration": [
              {
                "assign_public_ip": false,
                "security_groups": [
                  "sg-0408b78c400e9c567"
                ],
                "subnets": [
                  "subnet-0a51f9e943db7104f",
                  "subnet-0b330b40771257a9f"
                ]
              }
            ],
            "ordered_placement_strategy": [],
            "placement_constraints": [],
            "platform_version": "LATEST",
            "propagate_tags": "SERVICE",
            "scheduling_strategy": "REPLICA",
            "service_registries": [
              {
                "container_name": "",
                "container_port": 0,
                "port": 0,
                "registry_arn": "arn:aws:servicediscovery:us-east-1:006078069859:service/srv-4el5myudck5vazix"
              }
            ],
            "tags": {},
            "tags_all": {
              "auto-delete": "never"
            },
            "task_definition": "task-eaesof-agendamiento:4",
            "timeouts": null,
            "wait_for_steady_state": false
          },
          "sensitive_attributes": [],
          "private": "eyJlMmJmYjczMC1lY2FhLTExZTYtOGY4OC0zNDM2M2JjN2M0YzAiOnsiY3JlYXRlIjoxMjAwMDAwMDAwMDAwLCJkZWxldGUiOjEyMDAwMDAwMDAwMDAsInVwZGF0ZSI6MTIwMDAwMDAwMDAwMH19",
          "dependencies": [
            "aws_appmesh_mesh.app_mesh",
            "aws_ecs_cluster.ecs_cluster",
            "aws_ecs_task_definition.task_definition_service3",
            "aws_lb_target_group.target_group_service3",
            "aws_security_group.alb_to_ecs_tasks_sg",
            "aws_service_discovery_private_dns_namespace.cloudmap",
            "aws_service_discovery_service.cm_service3",
            "data.aws_availability_zones.available",
            "module.vpc.aws_subnet.private",
            "module.vpc.aws_vpc.this",
            "module.vpc.aws_vpc_ipv4_cidr_block_association.this"
          ]
        }
      ]
    },
    {
      "mode": "managed",
      "type": "aws_ecs_task_definition",
      "name": "task_definition_service1",
      "provider": "provider[\"registry.terraform.io/hashicorp/aws\"]",
      "instances": [
        {
          "schema_version": 1,
          "attributes": {
            "arn": "arn:aws:ecs:us-east-1:006078069859:task-definition/task-eaesof-usuarios:15",
            "container_definitions": "[{\"cpu\":0,\"dependsOn\":[{\"condition\":\"HEALTHY\",\"containerName\":\"envoy\"}],\"environment\":[{\"name\":\"MYSQL_IP\",\"value\":\"carroya-eaesof.cw8wuioquzwa.us-east-1.rds.amazonaws.com\"},{\"name\":\"MYSQL_PORT\",\"value\":\"3306\"},{\"name\":\"MYSQL_PWD\",\"value\":\"CarroyaRecargado\"},{\"name\":\"MYSQL_USER\",\"value\":\"carroya\"}],\"essential\":true,\"image\":\"006078069859.dkr.ecr.us-east-1.amazonaws.com/usuarios-eaesof:usuarios\",\"logConfiguration\":{\"logDriver\":\"awslogs\",\"options\":{\"awslogs-group\":\"/ecs/task-eaesof-usuarios\",\"awslogs-region\":\"us-east-1\",\"awslogs-stream-prefix\":\"ecs\"}},\"mountPoints\":[],\"name\":\"cont-eaesof-usuarios\",\"portMappings\":[{\"containerPort\":8080,\"hostPort\":8080,\"protocol\":\"tcp\"}],\"volumesFrom\":[]},{\"cpu\":0,\"environment\":[{\"name\":\"APPMESH_VIRTUAL_NODE_NAME\",\"value\":\"mesh/eaesof/virtualNode/usuarios\"}],\"essential\":true,\"healthCheck\":{\"command\":[\"CMD-SHELL\",\"curl -s http://localhost:9901/server_info | grep state | grep -q LIVE\"],\"interval\":5,\"retries\":3,\"startPeriod\":10,\"timeout\":2},\"image\":\"840364872350.dkr.ecr.us-east-1.amazonaws.com/aws-appmesh-envoy:v1.23.1.0-prod\",\"memory\":500,\"mountPoints\":[],\"name\":\"envoy\",\"portMappings\":[],\"user\":\"1337\",\"volumesFrom\":[]}]",
            "cpu": "512",
            "ephemeral_storage": [],
            "execution_role_arn": "arn:aws:iam::006078069859:role/ecsTaskExecutionRole",
            "family": "task-eaesof-usuarios",
            "id": "task-eaesof-usuarios",
            "inference_accelerator": [],
            "ipc_mode": "",
            "memory": "1024",
            "network_mode": "awsvpc",
            "pid_mode": "",
            "placement_constraints": [],
            "proxy_configuration": [
              {
                "container_name": "envoy",
                "properties": {
                  "AppPorts": "8080",
                  "EgressIgnoredIPs": "169.254.170.2,169.254.169.254",
                  "EgressIgnoredPorts": "",
                  "IgnoredGID": "",
                  "IgnoredUID": "1337",
                  "ProxyEgressPort": "15001",
                  "ProxyIngressPort": "15000"
                },
                "type": "APPMESH"
              }
            ],
            "requires_compatibilities": [
              "FARGATE"
            ],
            "revision": 15,
            "runtime_platform": [],
            "skip_destroy": false,
            "tags": {},
            "tags_all": {
              "auto-delete": "never"
            },
            "task_role_arn": "arn:aws:iam::006078069859:role/ecsTaskExecutionRole",
            "volume": []
          },
          "sensitive_attributes": [],
          "private": "eyJzY2hlbWFfdmVyc2lvbiI6IjEifQ==",
          "dependencies": [
            "aws_service_discovery_private_dns_namespace.cloudmap",
            "module.vpc.aws_vpc.this"
          ]
        }
      ]
    },
    {
      "mode": "managed",
      "type": "aws_ecs_task_definition",
      "name": "task_definition_service2",
      "provider": "provider[\"registry.terraform.io/hashicorp/aws\"]",
      "instances": [
        {
          "schema_version": 1,
          "attributes": {
            "arn": "arn:aws:ecs:us-east-1:006078069859:task-definition/task-eaesof-infracciones:4",
            "container_definitions": "[{\"cpu\":0,\"dependsOn\":[{\"condition\":\"HEALTHY\",\"containerName\":\"envoy\"}],\"environment\":[{\"name\":\"MYSQL_IP\",\"value\":\"carroya-eaesof.cw8wuioquzwa.us-east-1.rds.amazonaws.com\"},{\"name\":\"MYSQL_PORT\",\"value\":\"3306\"},{\"name\":\"MYSQL_PWD\",\"value\":\"CarroyaRecargado\"},{\"name\":\"MYSQL_USER\",\"value\":\"carroya\"}],\"essential\":true,\"image\":\"006078069859.dkr.ecr.us-east-1.amazonaws.com/infracciones-eaesof:infracciones\",\"logConfiguration\":{\"logDriver\":\"awslogs\",\"options\":{\"awslogs-group\":\"/ecs/task-eaesof-infracciones\",\"awslogs-region\":\"us-east-1\",\"awslogs-stream-prefix\":\"ecs\"}},\"mountPoints\":[],\"name\":\"cont-eaesof-infracciones\",\"portMappings\":[{\"containerPort\":8081,\"hostPort\":8081,\"protocol\":\"tcp\"}],\"volumesFrom\":[]},{\"cpu\":0,\"environment\":[{\"name\":\"APPMESH_VIRTUAL_NODE_NAME\",\"value\":\"mesh/eaesof/virtualNode/infracciones\"}],\"essential\":true,\"healthCheck\":{\"command\":[\"CMD-SHELL\",\"curl -s http://localhost:9901/server_info | grep state | grep -q LIVE\"],\"interval\":5,\"retries\":3,\"startPeriod\":10,\"timeout\":2},\"image\":\"840364872350.dkr.ecr.us-east-1.amazonaws.com/aws-appmesh-envoy:v1.23.1.0-prod\",\"memory\":500,\"mountPoints\":[],\"name\":\"envoy\",\"portMappings\":[],\"user\":\"1337\",\"volumesFrom\":[]}]",
            "cpu": "512",
            "ephemeral_storage": [],
            "execution_role_arn": "arn:aws:iam::006078069859:role/ecsTaskExecutionRole",
            "family": "task-eaesof-infracciones",
            "id": "task-eaesof-infracciones",
            "inference_accelerator": [],
            "ipc_mode": "",
            "memory": "1024",
            "network_mode": "awsvpc",
            "pid_mode": "",
            "placement_constraints": [],
            "proxy_configuration": [
              {
                "container_name": "envoy",
                "properties": {
                  "AppPorts": "8081",
                  "EgressIgnoredIPs": "169.254.170.2,169.254.169.254",
                  "EgressIgnoredPorts": "",
                  "IgnoredGID": "",
                  "IgnoredUID": "1337",
                  "ProxyEgressPort": "15001",
                  "ProxyIngressPort": "15000"
                },
                "type": "APPMESH"
              }
            ],
            "requires_compatibilities": [
              "FARGATE"
            ],
            "revision": 4,
            "runtime_platform": [],
            "skip_destroy": false,
            "tags": {},
            "tags_all": {
              "auto-delete": "never"
            },
            "task_role_arn": "arn:aws:iam::006078069859:role/ecsTaskExecutionRole",
            "volume": []
          },
          "sensitive_attributes": [],
          "private": "eyJzY2hlbWFfdmVyc2lvbiI6IjEifQ==",
          "dependencies": [
            "aws_service_discovery_private_dns_namespace.cloudmap",
            "module.vpc.aws_vpc.this"
          ]
        }
      ]
    },
    {
      "mode": "managed",
      "type": "aws_ecs_task_definition",
      "name": "task_definition_service3",
      "provider": "provider[\"registry.terraform.io/hashicorp/aws\"]",
      "instances": [
        {
          "schema_version": 1,
          "attributes": {
            "arn": "arn:aws:ecs:us-east-1:006078069859:task-definition/task-eaesof-agendamiento:4",
            "container_definitions": "[{\"cpu\":0,\"dependsOn\":[{\"condition\":\"HEALTHY\",\"containerName\":\"envoy\"}],\"environment\":[{\"name\":\"MYSQL_IP\",\"value\":\"carroya-eaesof.cw8wuioquzwa.us-east-1.rds.amazonaws.com\"},{\"name\":\"MYSQL_PORT\",\"value\":\"3306\"},{\"name\":\"MYSQL_PWD\",\"value\":\"CarroyaRecargado\"},{\"name\":\"MYSQL_USER\",\"value\":\"carroya\"}],\"essential\":true,\"image\":\"006078069859.dkr.ecr.us-east-1.amazonaws.com/agendamiento-eaesof:agendamiento\",\"logConfiguration\":{\"logDriver\":\"awslogs\",\"options\":{\"awslogs-group\":\"/ecs/task-eaesof-agendamiento\",\"awslogs-region\":\"us-east-1\",\"awslogs-stream-prefix\":\"ecs\"}},\"mountPoints\":[],\"name\":\"cont-eaesof-agendamiento\",\"portMappings\":[{\"containerPort\":8082,\"hostPort\":8082,\"protocol\":\"tcp\"}],\"volumesFrom\":[]},{\"cpu\":0,\"environment\":[{\"name\":\"APPMESH_VIRTUAL_NODE_NAME\",\"value\":\"mesh/eaesof/virtualNode/agendamiento\"}],\"essential\":true,\"healthCheck\":{\"command\":[\"CMD-SHELL\",\"curl -s http://localhost:9901/server_info | grep state | grep -q LIVE\"],\"interval\":5,\"retries\":3,\"startPeriod\":10,\"timeout\":2},\"image\":\"840364872350.dkr.ecr.us-east-1.amazonaws.com/aws-appmesh-envoy:v1.23.1.0-prod\",\"memory\":500,\"mountPoints\":[],\"name\":\"envoy\",\"portMappings\":[],\"user\":\"1337\",\"volumesFrom\":[]}]",
            "cpu": "512",
            "ephemeral_storage": [],
            "execution_role_arn": "arn:aws:iam::006078069859:role/ecsTaskExecutionRole",
            "family": "task-eaesof-agendamiento",
            "id": "task-eaesof-agendamiento",
            "inference_accelerator": [],
            "ipc_mode": "",
            "memory": "1024",
            "network_mode": "awsvpc",
            "pid_mode": "",
            "placement_constraints": [],
            "proxy_configuration": [
              {
                "container_name": "envoy",
                "properties": {
                  "AppPorts": "8082",
                  "EgressIgnoredIPs": "169.254.170.2,169.254.169.254",
                  "EgressIgnoredPorts": "",
                  "IgnoredGID": "",
                  "IgnoredUID": "1337",
                  "ProxyEgressPort": "15001",
                  "ProxyIngressPort": "15000"
                },
                "type": "APPMESH"
              }
            ],
            "requires_compatibilities": [
              "FARGATE"
            ],
            "revision": 4,
            "runtime_platform": [],
            "skip_destroy": false,
            "tags": {},
            "tags_all": {
              "auto-delete": "never"
            },
            "task_role_arn": "arn:aws:iam::006078069859:role/ecsTaskExecutionRole",
            "volume": []
          },
          "sensitive_attributes": [],
          "private": "eyJzY2hlbWFfdmVyc2lvbiI6IjEifQ==",
          "dependencies": [
            "aws_service_discovery_private_dns_namespace.cloudmap",
            "module.vpc.aws_vpc.this"
          ]
        }
      ]
    },
    {
      "mode": "managed",
      "type": "aws_lb",
      "name": "alb",
      "provider": "provider[\"registry.terraform.io/hashicorp/aws\"]",
      "instances": [
        {
          "schema_version": 0,
          "attributes": {
            "access_logs": [
              {
                "bucket": "",
                "enabled": false,
                "prefix": ""
              }
            ],
            "arn": "arn:aws:elasticloadbalancing:us-east-1:006078069859:loadbalancer/app/alb-eaesof/053fe5d0c628567a",
            "arn_suffix": "app/alb-eaesof/053fe5d0c628567a",
            "customer_owned_ipv4_pool": "",
            "desync_mitigation_mode": "defensive",
            "dns_name": "internal-alb-eaesof-822200900.us-east-1.elb.amazonaws.com",
            "drop_invalid_header_fields": false,
            "enable_cross_zone_load_balancing": null,
            "enable_deletion_protection": false,
            "enable_http2": true,
            "enable_waf_fail_open": false,
            "id": "arn:aws:elasticloadbalancing:us-east-1:006078069859:loadbalancer/app/alb-eaesof/053fe5d0c628567a",
            "idle_timeout": 60,
            "internal": true,
            "ip_address_type": "ipv4",
            "load_balancer_type": "application",
            "name": "alb-eaesof",
            "name_prefix": null,
            "preserve_host_header": false,
            "security_groups": [
              "sg-0fed459c9befb282a"
            ],
            "subnet_mapping": [
              {
                "allocation_id": "",
                "ipv6_address": "",
                "outpost_id": "",
                "private_ipv4_address": "",
                "subnet_id": "subnet-0a51f9e943db7104f"
              },
              {
                "allocation_id": "",
                "ipv6_address": "",
                "outpost_id": "",
                "private_ipv4_address": "",
                "subnet_id": "subnet-0b330b40771257a9f"
              }
            ],
            "subnets": [
              "subnet-0a51f9e943db7104f",
              "subnet-0b330b40771257a9f"
            ],
            "tags": {},
            "tags_all": {
              "auto-delete": "never"
            },
            "timeouts": null,
            "vpc_id": "vpc-0f396ac8a2b5165e0",
            "zone_id": "Z35SXDOTRQ7X7K"
          },
          "sensitive_attributes": [],
          "private": "eyJlMmJmYjczMC1lY2FhLTExZTYtOGY4OC0zNDM2M2JjN2M0YzAiOnsiY3JlYXRlIjo2MDAwMDAwMDAwMDAsImRlbGV0ZSI6NjAwMDAwMDAwMDAwLCJ1cGRhdGUiOjYwMDAwMDAwMDAwMH19",
          "dependencies": [
            "aws_security_group.nlb_to_alb_sg",
            "data.aws_availability_zones.available",
            "module.vpc.aws_subnet.private",
            "module.vpc.aws_vpc.this",
            "module.vpc.aws_vpc_ipv4_cidr_block_association.this"
          ]
        }
      ]
    },
    {
      "mode": "managed",
      "type": "aws_lb",
      "name": "nlb",
      "provider": "provider[\"registry.terraform.io/hashicorp/aws\"]",
      "instances": [
        {
          "schema_version": 0,
          "attributes": {
            "access_logs": [
              {
                "bucket": "",
                "enabled": false,
                "prefix": ""
              }
            ],
            "arn": "arn:aws:elasticloadbalancing:us-east-1:006078069859:loadbalancer/net/nlb-eaesof/4187aa28cb1fa860",
            "arn_suffix": "net/nlb-eaesof/4187aa28cb1fa860",
            "customer_owned_ipv4_pool": "",
            "desync_mitigation_mode": null,
            "dns_name": "nlb-eaesof-4187aa28cb1fa860.elb.us-east-1.amazonaws.com",
            "drop_invalid_header_fields": null,
            "enable_cross_zone_load_balancing": true,
            "enable_deletion_protection": false,
            "enable_http2": null,
            "enable_waf_fail_open": null,
            "id": "arn:aws:elasticloadbalancing:us-east-1:006078069859:loadbalancer/net/nlb-eaesof/4187aa28cb1fa860",
            "idle_timeout": null,
            "internal": true,
            "ip_address_type": "ipv4",
            "load_balancer_type": "network",
            "name": "nlb-eaesof",
            "name_prefix": null,
            "preserve_host_header": null,
            "security_groups": [],
            "subnet_mapping": [
              {
                "allocation_id": "",
                "ipv6_address": "",
                "outpost_id": "",
                "private_ipv4_address": "",
                "subnet_id": "subnet-0a51f9e943db7104f"
              },
              {
                "allocation_id": "",
                "ipv6_address": "",
                "outpost_id": "",
                "private_ipv4_address": "",
                "subnet_id": "subnet-0b330b40771257a9f"
              }
            ],
            "subnets": [
              "subnet-0a51f9e943db7104f",
              "subnet-0b330b40771257a9f"
            ],
            "tags": {},
            "tags_all": {
              "auto-delete": "never"
            },
            "timeouts": null,
            "vpc_id": "vpc-0f396ac8a2b5165e0",
            "zone_id": "Z26RNL4JYFTOTI"
          },
          "sensitive_attributes": [],
          "private": "eyJlMmJmYjczMC1lY2FhLTExZTYtOGY4OC0zNDM2M2JjN2M0YzAiOnsiY3JlYXRlIjo2MDAwMDAwMDAwMDAsImRlbGV0ZSI6NjAwMDAwMDAwMDAwLCJ1cGRhdGUiOjYwMDAwMDAwMDAwMH19",
          "dependencies": [
            "data.aws_availability_zones.available",
            "module.vpc.aws_subnet.private",
            "module.vpc.aws_vpc.this",
            "module.vpc.aws_vpc_ipv4_cidr_block_association.this"
          ]
        }
      ]
    },
    {
      "mode": "managed",
      "type": "aws_lb_listener",
      "name": "alb_listener",
      "provider": "provider[\"registry.terraform.io/hashicorp/aws\"]",
      "instances": [
        {
          "schema_version": 0,
          "attributes": {
            "alpn_policy": null,
            "arn": "arn:aws:elasticloadbalancing:us-east-1:006078069859:listener/app/alb-eaesof/053fe5d0c628567a/2573860ec442d869",
            "certificate_arn": null,
            "default_action": [
              {
                "authenticate_cognito": [],
                "authenticate_oidc": [],
                "fixed_response": [
                  {
                    "content_type": "text/plain",
                    "message_body": "Resource not found",
                    "status_code": "400"
                  }
                ],
                "forward": [],
                "order": 1,
                "redirect": [],
                "target_group_arn": "",
                "type": "fixed-response"
              }
            ],
            "id": "arn:aws:elasticloadbalancing:us-east-1:006078069859:listener/app/alb-eaesof/053fe5d0c628567a/2573860ec442d869",
            "load_balancer_arn": "arn:aws:elasticloadbalancing:us-east-1:006078069859:loadbalancer/app/alb-eaesof/053fe5d0c628567a",
            "port": 80,
            "protocol": "HTTP",
            "ssl_policy": "",
            "tags": {},
            "tags_all": {
              "auto-delete": "never"
            },
            "timeouts": null
          },
          "sensitive_attributes": [],
          "private": "eyJlMmJmYjczMC1lY2FhLTExZTYtOGY4OC0zNDM2M2JjN2M0YzAiOnsicmVhZCI6NjAwMDAwMDAwMDAwfX0=",
          "dependencies": [
            "aws_lb.alb",
            "aws_security_group.nlb_to_alb_sg",
            "data.aws_availability_zones.available",
            "module.vpc.aws_subnet.private",
            "module.vpc.aws_vpc.this",
            "module.vpc.aws_vpc_ipv4_cidr_block_association.this"
          ]
        }
      ]
    },
    {
      "mode": "managed",
      "type": "aws_lb_listener",
      "name": "nlb_listener",
      "provider": "provider[\"registry.terraform.io/hashicorp/aws\"]",
      "instances": [
        {
          "schema_version": 0,
          "attributes": {
            "alpn_policy": null,
            "arn": "arn:aws:elasticloadbalancing:us-east-1:006078069859:listener/net/nlb-eaesof/4187aa28cb1fa860/2a11ccb1691b92ee",
            "certificate_arn": null,
            "default_action": [
              {
                "authenticate_cognito": [],
                "authenticate_oidc": [],
                "fixed_response": [],
                "forward": [],
                "order": 1,
                "redirect": [],
                "target_group_arn": "arn:aws:elasticloadbalancing:us-east-1:006078069859:targetgroup/tg-eaesof-alb/54dda4878349d4e7",
                "type": "forward"
              }
            ],
            "id": "arn:aws:elasticloadbalancing:us-east-1:006078069859:listener/net/nlb-eaesof/4187aa28cb1fa860/2a11ccb1691b92ee",
            "load_balancer_arn": "arn:aws:elasticloadbalancing:us-east-1:006078069859:loadbalancer/net/nlb-eaesof/4187aa28cb1fa860",
            "port": 80,
            "protocol": "TCP",
            "ssl_policy": "",
            "tags": {},
            "tags_all": {
              "auto-delete": "never"
            },
            "timeouts": null
          },
          "sensitive_attributes": [],
          "private": "eyJlMmJmYjczMC1lY2FhLTExZTYtOGY4OC0zNDM2M2JjN2M0YzAiOnsicmVhZCI6NjAwMDAwMDAwMDAwfX0=",
          "dependencies": [
            "aws_lb.nlb",
            "aws_lb_target_group.target_group_alb",
            "data.aws_availability_zones.available",
            "module.vpc.aws_subnet.private",
            "module.vpc.aws_vpc.this",
            "module.vpc.aws_vpc_ipv4_cidr_block_association.this"
          ]
        }
      ]
    },
    {
      "mode": "managed",
      "type": "aws_lb_listener_rule",
      "name": "alb_listener_service1",
      "provider": "provider[\"registry.terraform.io/hashicorp/aws\"]",
      "instances": [
        {
          "schema_version": 0,
          "attributes": {
            "action": [
              {
                "authenticate_cognito": [],
                "authenticate_oidc": [],
                "fixed_response": [],
                "forward": [],
                "order": 1,
                "redirect": [],
                "target_group_arn": "arn:aws:elasticloadbalancing:us-east-1:006078069859:targetgroup/tg-eaesof-usuarios/692051be43a9c00a",
                "type": "forward"
              }
            ],
            "arn": "arn:aws:elasticloadbalancing:us-east-1:006078069859:listener-rule/app/alb-eaesof/053fe5d0c628567a/2573860ec442d869/a1643e3d21540e6e",
            "condition": [
              {
                "host_header": [],
                "http_header": [],
                "http_request_method": [],
                "path_pattern": [
                  {
                    "values": [
                      "/usuarios/",
                      "/usuarios/*"
                    ]
                  }
                ],
                "query_string": [],
                "source_ip": []
              }
            ],
            "id": "arn:aws:elasticloadbalancing:us-east-1:006078069859:listener-rule/app/alb-eaesof/053fe5d0c628567a/2573860ec442d869/a1643e3d21540e6e",
            "listener_arn": "arn:aws:elasticloadbalancing:us-east-1:006078069859:listener/app/alb-eaesof/053fe5d0c628567a/2573860ec442d869",
            "priority": 1,
            "tags": {},
            "tags_all": {
              "auto-delete": "never"
            }
          },
          "sensitive_attributes": [],
          "private": "bnVsbA==",
          "dependencies": [
            "aws_lb.alb",
            "aws_lb_listener.alb_listener",
            "aws_lb_target_group.target_group_service1",
            "aws_security_group.nlb_to_alb_sg",
            "data.aws_availability_zones.available",
            "module.vpc.aws_subnet.private",
            "module.vpc.aws_vpc.this",
            "module.vpc.aws_vpc_ipv4_cidr_block_association.this"
          ]
        }
      ]
    },
    {
      "mode": "managed",
      "type": "aws_lb_listener_rule",
      "name": "alb_listener_service2",
      "provider": "provider[\"registry.terraform.io/hashicorp/aws\"]",
      "instances": [
        {
          "schema_version": 0,
          "attributes": {
            "action": [
              {
                "authenticate_cognito": [],
                "authenticate_oidc": [],
                "fixed_response": [],
                "forward": [],
                "order": 1,
                "redirect": [],
                "target_group_arn": "arn:aws:elasticloadbalancing:us-east-1:006078069859:targetgroup/tg-eaesof-infracciones/0d1662d4c553d229",
                "type": "forward"
              }
            ],
            "arn": "arn:aws:elasticloadbalancing:us-east-1:006078069859:listener-rule/app/alb-eaesof/053fe5d0c628567a/2573860ec442d869/e8655d4c0290f63a",
            "condition": [
              {
                "host_header": [],
                "http_header": [],
                "http_request_method": [],
                "path_pattern": [
                  {
                    "values": [
                      "/infraccion/",
                      "/infraccion/*"
                    ]
                  }
                ],
                "query_string": [],
                "source_ip": []
              }
            ],
            "id": "arn:aws:elasticloadbalancing:us-east-1:006078069859:listener-rule/app/alb-eaesof/053fe5d0c628567a/2573860ec442d869/e8655d4c0290f63a",
            "listener_arn": "arn:aws:elasticloadbalancing:us-east-1:006078069859:listener/app/alb-eaesof/053fe5d0c628567a/2573860ec442d869",
            "priority": 2,
            "tags": {},
            "tags_all": {
              "auto-delete": "never"
            }
          },
          "sensitive_attributes": [],
          "private": "bnVsbA==",
          "dependencies": [
            "aws_lb.alb",
            "aws_lb_listener.alb_listener",
            "aws_lb_target_group.target_group_service2",
            "aws_security_group.nlb_to_alb_sg",
            "data.aws_availability_zones.available",
            "module.vpc.aws_subnet.private",
            "module.vpc.aws_vpc.this",
            "module.vpc.aws_vpc_ipv4_cidr_block_association.this"
          ]
        }
      ]
    },
    {
      "mode": "managed",
      "type": "aws_lb_listener_rule",
      "name": "alb_listener_service3",
      "provider": "provider[\"registry.terraform.io/hashicorp/aws\"]",
      "instances": [
        {
          "schema_version": 0,
          "attributes": {
            "action": [
              {
                "authenticate_cognito": [],
                "authenticate_oidc": [],
                "fixed_response": [],
                "forward": [],
                "order": 1,
                "redirect": [],
                "target_group_arn": "arn:aws:elasticloadbalancing:us-east-1:006078069859:targetgroup/tg-eaesof-agendamiento/8607c68c253942d1",
                "type": "forward"
              }
            ],
            "arn": "arn:aws:elasticloadbalancing:us-east-1:006078069859:listener-rule/app/alb-eaesof/053fe5d0c628567a/2573860ec442d869/ce0f30674b6f73b8",
            "condition": [
              {
                "host_header": [],
                "http_header": [],
                "http_request_method": [],
                "path_pattern": [
                  {
                    "values": [
                      "/agendamiento/",
                      "/agendamiento/*"
                    ]
                  }
                ],
                "query_string": [],
                "source_ip": []
              }
            ],
            "id": "arn:aws:elasticloadbalancing:us-east-1:006078069859:listener-rule/app/alb-eaesof/053fe5d0c628567a/2573860ec442d869/ce0f30674b6f73b8",
            "listener_arn": "arn:aws:elasticloadbalancing:us-east-1:006078069859:listener/app/alb-eaesof/053fe5d0c628567a/2573860ec442d869",
            "priority": 3,
            "tags": {},
            "tags_all": {
              "auto-delete": "never"
            }
          },
          "sensitive_attributes": [],
          "private": "bnVsbA==",
          "dependencies": [
            "aws_lb.alb",
            "aws_lb_listener.alb_listener",
            "aws_lb_target_group.target_group_service3",
            "aws_security_group.nlb_to_alb_sg",
            "data.aws_availability_zones.available",
            "module.vpc.aws_subnet.private",
            "module.vpc.aws_vpc.this",
            "module.vpc.aws_vpc_ipv4_cidr_block_association.this"
          ]
        }
      ]
    },
    {
      "mode": "managed",
      "type": "aws_lb_target_group",
      "name": "target_group_alb",
      "provider": "provider[\"registry.terraform.io/hashicorp/aws\"]",
      "instances": [
        {
          "schema_version": 0,
          "attributes": {
            "arn": "arn:aws:elasticloadbalancing:us-east-1:006078069859:targetgroup/tg-eaesof-alb/54dda4878349d4e7",
            "arn_suffix": "targetgroup/tg-eaesof-alb/54dda4878349d4e7",
            "connection_termination": false,
            "deregistration_delay": "300",
            "health_check": [
              {
                "enabled": true,
                "healthy_threshold": 3,
                "interval": 30,
                "matcher": "",
                "path": "",
                "port": "traffic-port",
                "protocol": "TCP",
                "timeout": 10,
                "unhealthy_threshold": 3
              }
            ],
            "id": "arn:aws:elasticloadbalancing:us-east-1:006078069859:targetgroup/tg-eaesof-alb/54dda4878349d4e7",
            "ip_address_type": null,
            "lambda_multi_value_headers_enabled": false,
            "load_balancing_algorithm_type": null,
            "name": "tg-eaesof-alb",
            "name_prefix": null,
            "port": 80,
            "preserve_client_ip": "false",
            "protocol": "TCP",
            "protocol_version": null,
            "proxy_protocol_v2": false,
            "slow_start": 0,
            "stickiness": [
              {
                "cookie_duration": 0,
                "cookie_name": "",
                "enabled": false,
                "type": "source_ip"
              }
            ],
            "tags": {},
            "tags_all": {
              "auto-delete": "never"
            },
            "target_type": "ip",
            "vpc_id": "vpc-0f396ac8a2b5165e0"
          },
          "sensitive_attributes": [],
          "private": "bnVsbA==",
          "dependencies": [
            "module.vpc.aws_vpc.this"
          ]
        }
      ]
    },
    {
      "mode": "managed",
      "type": "aws_lb_target_group",
      "name": "target_group_service1",
      "provider": "provider[\"registry.terraform.io/hashicorp/aws\"]",
      "instances": [
        {
          "schema_version": 0,
          "attributes": {
            "arn": "arn:aws:elasticloadbalancing:us-east-1:006078069859:targetgroup/tg-eaesof-usuarios/692051be43a9c00a",
            "arn_suffix": "targetgroup/tg-eaesof-usuarios/692051be43a9c00a",
            "connection_termination": false,
            "deregistration_delay": "5",
            "health_check": [
              {
                "enabled": true,
                "healthy_threshold": 2,
                "interval": 5,
                "matcher": "200",
                "path": "/usuarios/",
                "port": "traffic-port",
                "protocol": "HTTP",
                "timeout": 4,
                "unhealthy_threshold": 10
              }
            ],
            "id": "arn:aws:elasticloadbalancing:us-east-1:006078069859:targetgroup/tg-eaesof-usuarios/692051be43a9c00a",
            "ip_address_type": null,
            "lambda_multi_value_headers_enabled": false,
            "load_balancing_algorithm_type": "round_robin",
            "name": "tg-eaesof-usuarios",
            "name_prefix": null,
            "port": 8080,
            "preserve_client_ip": null,
            "protocol": "HTTP",
            "protocol_version": "HTTP1",
            "proxy_protocol_v2": false,
            "slow_start": 0,
            "stickiness": [
              {
                "cookie_duration": 86400,
                "cookie_name": "",
                "enabled": false,
                "type": "lb_cookie"
              }
            ],
            "tags": {},
            "tags_all": {
              "auto-delete": "never"
            },
            "target_type": "ip",
            "vpc_id": "vpc-0f396ac8a2b5165e0"
          },
          "sensitive_attributes": [],
          "private": "bnVsbA==",
          "dependencies": [
            "module.vpc.aws_vpc.this"
          ]
        }
      ]
    },
    {
      "mode": "managed",
      "type": "aws_lb_target_group",
      "name": "target_group_service2",
      "provider": "provider[\"registry.terraform.io/hashicorp/aws\"]",
      "instances": [
        {
          "schema_version": 0,
          "attributes": {
            "arn": "arn:aws:elasticloadbalancing:us-east-1:006078069859:targetgroup/tg-eaesof-infracciones/0d1662d4c553d229",
            "arn_suffix": "targetgroup/tg-eaesof-infracciones/0d1662d4c553d229",
            "connection_termination": false,
            "deregistration_delay": "5",
            "health_check": [
              {
                "enabled": true,
                "healthy_threshold": 2,
                "interval": 5,
                "matcher": "200",
                "path": "/infraccion/",
                "port": "traffic-port",
                "protocol": "HTTP",
                "timeout": 4,
                "unhealthy_threshold": 10
              }
            ],
            "id": "arn:aws:elasticloadbalancing:us-east-1:006078069859:targetgroup/tg-eaesof-infracciones/0d1662d4c553d229",
            "ip_address_type": null,
            "lambda_multi_value_headers_enabled": false,
            "load_balancing_algorithm_type": "round_robin",
            "name": "tg-eaesof-infracciones",
            "name_prefix": null,
            "port": 8081,
            "preserve_client_ip": null,
            "protocol": "HTTP",
            "protocol_version": "HTTP1",
            "proxy_protocol_v2": false,
            "slow_start": 0,
            "stickiness": [
              {
                "cookie_duration": 86400,
                "cookie_name": "",
                "enabled": false,
                "type": "lb_cookie"
              }
            ],
            "tags": {},
            "tags_all": {
              "auto-delete": "never"
            },
            "target_type": "ip",
            "vpc_id": "vpc-0f396ac8a2b5165e0"
          },
          "sensitive_attributes": [],
          "private": "bnVsbA==",
          "dependencies": [
            "module.vpc.aws_vpc.this"
          ]
        }
      ]
    },
    {
      "mode": "managed",
      "type": "aws_lb_target_group",
      "name": "target_group_service3",
      "provider": "provider[\"registry.terraform.io/hashicorp/aws\"]",
      "instances": [
        {
          "schema_version": 0,
          "attributes": {
            "arn": "arn:aws:elasticloadbalancing:us-east-1:006078069859:targetgroup/tg-eaesof-agendamiento/8607c68c253942d1",
            "arn_suffix": "targetgroup/tg-eaesof-agendamiento/8607c68c253942d1",
            "connection_termination": false,
            "deregistration_delay": "5",
            "health_check": [
              {
                "enabled": true,
                "healthy_threshold": 2,
                "interval": 5,
                "matcher": "200",
                "path": "/agendamiento/",
                "port": "traffic-port",
                "protocol": "HTTP",
                "timeout": 4,
                "unhealthy_threshold": 10
              }
            ],
            "id": "arn:aws:elasticloadbalancing:us-east-1:006078069859:targetgroup/tg-eaesof-agendamiento/8607c68c253942d1",
            "ip_address_type": null,
            "lambda_multi_value_headers_enabled": false,
            "load_balancing_algorithm_type": "round_robin",
            "name": "tg-eaesof-agendamiento",
            "name_prefix": null,
            "port": 8082,
            "preserve_client_ip": null,
            "protocol": "HTTP",
            "protocol_version": "HTTP1",
            "proxy_protocol_v2": false,
            "slow_start": 0,
            "stickiness": [
              {
                "cookie_duration": 86400,
                "cookie_name": "",
                "enabled": false,
                "type": "lb_cookie"
              }
            ],
            "tags": {},
            "tags_all": {
              "auto-delete": "never"
            },
            "target_type": "ip",
            "vpc_id": "vpc-0f396ac8a2b5165e0"
          },
          "sensitive_attributes": [],
          "private": "bnVsbA==",
          "dependencies": [
            "module.vpc.aws_vpc.this"
          ]
        }
      ]
    },
    {
      "mode": "managed",
      "type": "aws_security_group",
      "name": "alb_to_ecs_tasks_sg",
      "provider": "provider[\"registry.terraform.io/hashicorp/aws\"]",
      "instances": [
        {
          "schema_version": 1,
          "attributes": {
            "arn": "arn:aws:ec2:us-east-1:006078069859:security-group/sg-0408b78c400e9c567",
            "description": "Allow traffic from NLB to ALB",
            "egress": [
              {
                "cidr_blocks": [
                  "0.0.0.0/0"
                ],
                "description": "Allow traffic to external networks",
                "from_port": 0,
                "ipv6_cidr_blocks": [],
                "prefix_list_ids": [],
                "protocol": "-1",
                "security_groups": [],
                "self": false,
                "to_port": 0
              }
            ],
            "id": "sg-0408b78c400e9c567",
            "ingress": [
              {
                "cidr_blocks": [
                  "0.0.0.0/0"
                ],
                "description": "",
                "from_port": 0,
                "ipv6_cidr_blocks": [],
                "prefix_list_ids": [],
                "protocol": "-1",
                "security_groups": [],
                "self": false,
                "to_port": 0
              },
              {
                "cidr_blocks": [
                  "10.0.10.0/24",
                  "10.0.11.0/24"
                ],
                "description": "Allow traffic from my own internal networks",
                "from_port": 8080,
                "ipv6_cidr_blocks": [],
                "prefix_list_ids": [],
                "protocol": "tcp",
                "security_groups": [],
                "self": false,
                "to_port": 8090
              }
            ],
            "name": "eaesof_alb_to_ecs",
            "name_prefix": "",
            "owner_id": "006078069859",
            "revoke_rules_on_delete": false,
            "tags": {},
            "tags_all": {
              "auto-delete": "never"
            },
            "timeouts": null,
            "vpc_id": "vpc-0f396ac8a2b5165e0"
          },
          "sensitive_attributes": [],
          "private": "eyJlMmJmYjczMC1lY2FhLTExZTYtOGY4OC0zNDM2M2JjN2M0YzAiOnsiY3JlYXRlIjo2MDAwMDAwMDAwMDAsImRlbGV0ZSI6OTAwMDAwMDAwMDAwfSwic2NoZW1hX3ZlcnNpb24iOiIxIn0=",
          "dependencies": [
            "module.vpc.aws_vpc.this"
          ]
        }
      ]
    },
    {
      "mode": "managed",
      "type": "aws_security_group",
      "name": "nlb_to_alb_sg",
      "provider": "provider[\"registry.terraform.io/hashicorp/aws\"]",
      "instances": [
        {
          "schema_version": 1,
          "attributes": {
            "arn": "arn:aws:ec2:us-east-1:006078069859:security-group/sg-0fed459c9befb282a",
            "description": "Allow traffic from NLB to ALB",
            "egress": [],
            "id": "sg-0fed459c9befb282a",
            "ingress": [
              {
                "cidr_blocks": [
                  "10.0.10.0/24",
                  "10.0.11.0/24"
                ],
                "description": "",
                "from_port": 80,
                "ipv6_cidr_blocks": [],
                "prefix_list_ids": [],
                "protocol": "tcp",
                "security_groups": [],
                "self": false,
                "to_port": 80
              }
            ],
            "name": "eaesof_nlb_to_alb",
            "name_prefix": "",
            "owner_id": "006078069859",
            "revoke_rules_on_delete": false,
            "tags": {},
            "tags_all": {
              "auto-delete": "never"
            },
            "timeouts": null,
            "vpc_id": "vpc-0f396ac8a2b5165e0"
          },
          "sensitive_attributes": [],
          "private": "eyJlMmJmYjczMC1lY2FhLTExZTYtOGY4OC0zNDM2M2JjN2M0YzAiOnsiY3JlYXRlIjo2MDAwMDAwMDAwMDAsImRlbGV0ZSI6OTAwMDAwMDAwMDAwfSwic2NoZW1hX3ZlcnNpb24iOiIxIn0=",
          "dependencies": [
            "module.vpc.aws_vpc.this"
          ]
        }
      ]
    },
    {
      "mode": "managed",
      "type": "aws_security_group_rule",
      "name": "alb_to_ecs_ingress_rule",
      "provider": "provider[\"registry.terraform.io/hashicorp/aws\"]",
      "instances": [
        {
          "schema_version": 2,
          "attributes": {
            "cidr_blocks": [
              "10.0.10.0/24",
              "10.0.11.0/24"
            ],
            "description": "Allow traffic from my own internal networks",
            "from_port": 8080,
            "id": "sgrule-786471200",
            "ipv6_cidr_blocks": null,
            "prefix_list_ids": null,
            "protocol": "tcp",
            "security_group_id": "sg-0408b78c400e9c567",
            "self": false,
            "source_security_group_id": null,
            "timeouts": null,
            "to_port": 8090,
            "type": "ingress"
          },
          "sensitive_attributes": [],
          "private": "eyJlMmJmYjczMC1lY2FhLTExZTYtOGY4OC0zNDM2M2JjN2M0YzAiOnsiY3JlYXRlIjozMDAwMDAwMDAwMDB9LCJzY2hlbWFfdmVyc2lvbiI6IjIifQ==",
          "dependencies": [
            "aws_security_group.alb_to_ecs_tasks_sg",
            "data.aws_availability_zones.available",
            "module.vpc.aws_subnet.private",
            "module.vpc.aws_vpc.this",
            "module.vpc.aws_vpc_ipv4_cidr_block_association.this"
          ]
        }
      ]
    },
    {
      "mode": "managed",
      "type": "aws_security_group_rule",
      "name": "allow_all",
      "provider": "provider[\"registry.terraform.io/hashicorp/aws\"]",
      "instances": [
        {
          "schema_version": 2,
          "attributes": {
            "cidr_blocks": [
              "0.0.0.0/0"
            ],
            "description": "Allow traffic to external networks",
            "from_port": 0,
            "id": "sgrule-2768649754",
            "ipv6_cidr_blocks": null,
            "prefix_list_ids": null,
            "protocol": "-1",
            "security_group_id": "sg-0408b78c400e9c567",
            "self": false,
            "source_security_group_id": null,
            "timeouts": null,
            "to_port": 0,
            "type": "egress"
          },
          "sensitive_attributes": [],
          "private": "eyJlMmJmYjczMC1lY2FhLTExZTYtOGY4OC0zNDM2M2JjN2M0YzAiOnsiY3JlYXRlIjozMDAwMDAwMDAwMDB9LCJzY2hlbWFfdmVyc2lvbiI6IjIifQ==",
          "dependencies": [
            "aws_security_group.alb_to_ecs_tasks_sg",
            "module.vpc.aws_vpc.this"
          ]
        }
      ]
    },
    {
      "mode": "managed",
      "type": "aws_security_group_rule",
      "name": "allow_nlb_alb",
      "provider": "provider[\"registry.terraform.io/hashicorp/aws\"]",
      "instances": [
        {
          "schema_version": 2,
          "attributes": {
            "cidr_blocks": [
              "10.0.10.0/24",
              "10.0.11.0/24"
            ],
            "description": "",
            "from_port": 80,
            "id": "sgrule-2071493906",
            "ipv6_cidr_blocks": null,
            "prefix_list_ids": null,
            "protocol": "tcp",
            "security_group_id": "sg-0fed459c9befb282a",
            "self": false,
            "source_security_group_id": null,
            "timeouts": null,
            "to_port": 80,
            "type": "ingress"
          },
          "sensitive_attributes": [],
          "private": "eyJlMmJmYjczMC1lY2FhLTExZTYtOGY4OC0zNDM2M2JjN2M0YzAiOnsiY3JlYXRlIjozMDAwMDAwMDAwMDB9LCJzY2hlbWFfdmVyc2lvbiI6IjIifQ==",
          "dependencies": [
            "aws_security_group.nlb_to_alb_sg",
            "data.aws_availability_zones.available",
            "module.vpc.aws_subnet.private",
            "module.vpc.aws_vpc.this",
            "module.vpc.aws_vpc_ipv4_cidr_block_association.this"
          ]
        }
      ]
    },
    {
      "mode": "managed",
      "type": "aws_security_group_rule",
      "name": "nlb_to_alb_allow_all_outbound",
      "provider": "provider[\"registry.terraform.io/hashicorp/aws\"]",
      "instances": [
        {
          "schema_version": 2,
          "attributes": {
            "cidr_blocks": [
              "0.0.0.0/0"
            ],
            "description": "Allow traffic to external networks",
            "from_port": 0,
            "id": "sgrule-2298744523",
            "ipv6_cidr_blocks": null,
            "prefix_list_ids": null,
            "protocol": "-1",
            "security_group_id": "sg-0fed459c9befb282a",
            "self": false,
            "source_security_group_id": null,
            "timeouts": null,
            "to_port": 0,
            "type": "egress"
          },
          "sensitive_attributes": [],
          "private": "eyJlMmJmYjczMC1lY2FhLTExZTYtOGY4OC0zNDM2M2JjN2M0YzAiOnsiY3JlYXRlIjozMDAwMDAwMDAwMDB9LCJzY2hlbWFfdmVyc2lvbiI6IjIifQ==",
          "dependencies": [
            "aws_security_group.nlb_to_alb_sg",
            "module.vpc.aws_vpc.this"
          ]
        }
      ]
    },
    {
      "mode": "managed",
      "type": "aws_service_discovery_private_dns_namespace",
      "name": "cloudmap",
      "provider": "provider[\"registry.terraform.io/hashicorp/aws\"]",
      "instances": [
        {
          "schema_version": 0,
          "attributes": {
            "arn": "arn:aws:servicediscovery:us-east-1:006078069859:namespace/ns-637dgwcgjx5xcmw5",
            "description": "Proyecto eaesof",
            "hosted_zone": "Z02460322QJUQD886JVQT",
            "id": "ns-637dgwcgjx5xcmw5",
            "name": "eaesof.prod.local",
            "tags": {},
            "tags_all": {
              "auto-delete": "never"
            },
            "vpc": "vpc-0f396ac8a2b5165e0"
          },
          "sensitive_attributes": [],
          "private": "bnVsbA==",
          "dependencies": [
            "module.vpc.aws_vpc.this"
          ]
        }
      ]
    },
    {
      "mode": "managed",
      "type": "aws_service_discovery_service",
      "name": "cm_service1",
      "provider": "provider[\"registry.terraform.io/hashicorp/aws\"]",
      "instances": [
        {
          "schema_version": 0,
          "attributes": {
            "arn": "arn:aws:servicediscovery:us-east-1:006078069859:service/srv-siwe6hhc6lkmnvur",
            "description": "",
            "dns_config": [
              {
                "dns_records": [
                  {
                    "ttl": 300,
                    "type": "A"
                  }
                ],
                "namespace_id": "ns-637dgwcgjx5xcmw5",
                "routing_policy": "WEIGHTED"
              }
            ],
            "force_destroy": false,
            "health_check_config": [],
            "health_check_custom_config": [],
            "id": "srv-siwe6hhc6lkmnvur",
            "name": "usuarios",
            "namespace_id": "ns-637dgwcgjx5xcmw5",
            "tags": {},
            "tags_all": {
              "auto-delete": "never"
            }
          },
          "sensitive_attributes": [],
          "private": "bnVsbA==",
          "dependencies": [
            "aws_service_discovery_private_dns_namespace.cloudmap",
            "module.vpc.aws_vpc.this"
          ]
        }
      ]
    },
    {
      "mode": "managed",
      "type": "aws_service_discovery_service",
      "name": "cm_service2",
      "provider": "provider[\"registry.terraform.io/hashicorp/aws\"]",
      "instances": [
        {
          "schema_version": 0,
          "attributes": {
            "arn": "arn:aws:servicediscovery:us-east-1:006078069859:service/srv-f7zp72qumjj3udbd",
            "description": "",
            "dns_config": [
              {
                "dns_records": [
                  {
                    "ttl": 300,
                    "type": "A"
                  }
                ],
                "namespace_id": "ns-637dgwcgjx5xcmw5",
                "routing_policy": "WEIGHTED"
              }
            ],
            "force_destroy": false,
            "health_check_config": [],
            "health_check_custom_config": [],
            "id": "srv-f7zp72qumjj3udbd",
            "name": "infracciones",
            "namespace_id": "ns-637dgwcgjx5xcmw5",
            "tags": {},
            "tags_all": {
              "auto-delete": "never"
            }
          },
          "sensitive_attributes": [],
          "private": "bnVsbA==",
          "dependencies": [
            "aws_service_discovery_private_dns_namespace.cloudmap",
            "module.vpc.aws_vpc.this"
          ]
        }
      ]
    },
    {
      "mode": "managed",
      "type": "aws_service_discovery_service",
      "name": "cm_service3",
      "provider": "provider[\"registry.terraform.io/hashicorp/aws\"]",
      "instances": [
        {
          "schema_version": 0,
          "attributes": {
            "arn": "arn:aws:servicediscovery:us-east-1:006078069859:service/srv-4el5myudck5vazix",
            "description": "",
            "dns_config": [
              {
                "dns_records": [
                  {
                    "ttl": 300,
                    "type": "A"
                  }
                ],
                "namespace_id": "ns-637dgwcgjx5xcmw5",
                "routing_policy": "WEIGHTED"
              }
            ],
            "force_destroy": false,
            "health_check_config": [],
            "health_check_custom_config": [],
            "id": "srv-4el5myudck5vazix",
            "name": "agendamiento",
            "namespace_id": "ns-637dgwcgjx5xcmw5",
            "tags": {},
            "tags_all": {
              "auto-delete": "never"
            }
          },
          "sensitive_attributes": [],
          "private": "bnVsbA==",
          "dependencies": [
            "aws_service_discovery_private_dns_namespace.cloudmap",
            "module.vpc.aws_vpc.this"
          ]
        }
      ]
    },
    {
      "module": "module.vpc",
      "mode": "managed",
      "type": "aws_eip",
      "name": "nat",
      "provider": "provider[\"registry.terraform.io/hashicorp/aws\"]",
      "instances": [
        {
          "index_key": 0,
          "schema_version": 0,
          "attributes": {
            "address": null,
            "allocation_id": "eipalloc-089a049c892812493",
            "associate_with_private_ip": null,
            "association_id": "eipassoc-0a37283f08152c118",
            "carrier_ip": "",
            "customer_owned_ip": "",
            "customer_owned_ipv4_pool": "",
            "domain": "vpc",
            "id": "eipalloc-089a049c892812493",
            "instance": "",
            "network_border_group": "us-east-1",
            "network_interface": "eni-0d9177333cad17492",
            "private_dns": "ip-10-0-0-242.ec2.internal",
            "private_ip": "10.0.0.242",
            "public_dns": "ec2-54-226-209-5.compute-1.amazonaws.com",
            "public_ip": "54.226.209.5",
            "public_ipv4_pool": "amazon",
            "tags": {
              "Name": "eaesof-us-east-1a"
            },
            "tags_all": {
              "Name": "eaesof-us-east-1a",
              "auto-delete": "never"
            },
            "timeouts": null,
            "vpc": true
          },
          "sensitive_attributes": [],
          "private": "eyJlMmJmYjczMC1lY2FhLTExZTYtOGY4OC0zNDM2M2JjN2M0YzAiOnsiZGVsZXRlIjoxODAwMDAwMDAwMDAsInJlYWQiOjkwMDAwMDAwMDAwMCwidXBkYXRlIjozMDAwMDAwMDAwMDB9fQ==",
          "dependencies": [
            "data.aws_availability_zones.available"
          ]
        }
      ]
    },
    {
      "module": "module.vpc",
      "mode": "managed",
      "type": "aws_internet_gateway",
      "name": "this",
      "provider": "provider[\"registry.terraform.io/hashicorp/aws\"]",
      "instances": [
        {
          "index_key": 0,
          "schema_version": 0,
          "attributes": {
            "arn": "arn:aws:ec2:us-east-1:006078069859:internet-gateway/igw-0e839ecf5b9ff42d2",
            "id": "igw-0e839ecf5b9ff42d2",
            "owner_id": "006078069859",
            "tags": {
              "Name": "eaesof"
            },
            "tags_all": {
              "Name": "eaesof",
              "auto-delete": "never"
            },
            "timeouts": null,
            "vpc_id": "vpc-0f396ac8a2b5165e0"
          },
          "sensitive_attributes": [],
          "private": "eyJlMmJmYjczMC1lY2FhLTExZTYtOGY4OC0zNDM2M2JjN2M0YzAiOnsiY3JlYXRlIjoxMjAwMDAwMDAwMDAwLCJkZWxldGUiOjEyMDAwMDAwMDAwMDAsInVwZGF0ZSI6MTIwMDAwMDAwMDAwMH19",
          "dependencies": [
            "data.aws_availability_zones.available",
            "module.vpc.aws_vpc.this",
            "module.vpc.aws_vpc_ipv4_cidr_block_association.this"
          ]
        }
      ]
    },
    {
      "module": "module.vpc",
      "mode": "managed",
      "type": "aws_nat_gateway",
      "name": "this",
      "provider": "provider[\"registry.terraform.io/hashicorp/aws\"]",
      "instances": [
        {
          "index_key": 0,
          "schema_version": 0,
          "attributes": {
            "allocation_id": "eipalloc-089a049c892812493",
            "connectivity_type": "public",
            "id": "nat-0ab08c7315ad13971",
            "network_interface_id": "eni-0d9177333cad17492",
            "private_ip": "10.0.0.242",
            "public_ip": "54.226.209.5",
            "subnet_id": "subnet-08b48e5b68d100155",
            "tags": {
              "Name": "eaesof-us-east-1a"
            },
            "tags_all": {
              "Name": "eaesof-us-east-1a",
              "auto-delete": "never"
            }
          },
          "sensitive_attributes": [],
          "private": "bnVsbA==",
          "dependencies": [
            "data.aws_availability_zones.available",
            "module.vpc.aws_eip.nat",
            "module.vpc.aws_internet_gateway.this",
            "module.vpc.aws_subnet.public",
            "module.vpc.aws_vpc.this",
            "module.vpc.aws_vpc_ipv4_cidr_block_association.this"
          ]
        }
      ]
    },
    {
      "module": "module.vpc",
      "mode": "managed",
      "type": "aws_route",
      "name": "private_nat_gateway",
      "provider": "provider[\"registry.terraform.io/hashicorp/aws\"]",
      "instances": [
        {
          "index_key": 0,
          "schema_version": 0,
          "attributes": {
            "carrier_gateway_id": "",
            "core_network_arn": "",
            "destination_cidr_block": "0.0.0.0/0",
            "destination_ipv6_cidr_block": "",
            "destination_prefix_list_id": "",
            "egress_only_gateway_id": "",
            "gateway_id": "",
            "id": "r-rtb-033b5266bff6c82721080289494",
            "instance_id": "",
            "instance_owner_id": "",
            "local_gateway_id": "",
            "nat_gateway_id": "nat-0ab08c7315ad13971",
            "network_interface_id": "",
            "origin": "CreateRoute",
            "route_table_id": "rtb-033b5266bff6c8272",
            "state": "active",
            "timeouts": {
              "create": "5m",
              "delete": null,
              "update": null
            },
            "transit_gateway_id": "",
            "vpc_endpoint_id": "",
            "vpc_peering_connection_id": ""
          },
          "sensitive_attributes": [],
          "private": "eyJlMmJmYjczMC1lY2FhLTExZTYtOGY4OC0zNDM2M2JjN2M0YzAiOnsiY3JlYXRlIjozMDAwMDAwMDAwMDAsImRlbGV0ZSI6MzAwMDAwMDAwMDAwLCJ1cGRhdGUiOjEyMDAwMDAwMDAwMH19",
          "dependencies": [
            "data.aws_availability_zones.available",
            "module.vpc.aws_eip.nat",
            "module.vpc.aws_internet_gateway.this",
            "module.vpc.aws_nat_gateway.this",
            "module.vpc.aws_route_table.private",
            "module.vpc.aws_subnet.public",
            "module.vpc.aws_vpc.this",
            "module.vpc.aws_vpc_ipv4_cidr_block_association.this"
          ]
        }
      ]
    },
    {
      "module": "module.vpc",
      "mode": "managed",
      "type": "aws_route",
      "name": "public_internet_gateway",
      "provider": "provider[\"registry.terraform.io/hashicorp/aws\"]",
      "instances": [
        {
          "index_key": 0,
          "schema_version": 0,
          "attributes": {
            "carrier_gateway_id": "",
            "core_network_arn": "",
            "destination_cidr_block": "0.0.0.0/0",
            "destination_ipv6_cidr_block": "",
            "destination_prefix_list_id": "",
            "egress_only_gateway_id": "",
            "gateway_id": "igw-0e839ecf5b9ff42d2",
            "id": "r-rtb-0d02f6a5b72633bb81080289494",
            "instance_id": "",
            "instance_owner_id": "",
            "local_gateway_id": "",
            "nat_gateway_id": "",
            "network_interface_id": "",
            "origin": "CreateRoute",
            "route_table_id": "rtb-0d02f6a5b72633bb8",
            "state": "active",
            "timeouts": {
              "create": "5m",
              "delete": null,
              "update": null
            },
            "transit_gateway_id": "",
            "vpc_endpoint_id": "",
            "vpc_peering_connection_id": ""
          },
          "sensitive_attributes": [],
          "private": "eyJlMmJmYjczMC1lY2FhLTExZTYtOGY4OC0zNDM2M2JjN2M0YzAiOnsiY3JlYXRlIjozMDAwMDAwMDAwMDAsImRlbGV0ZSI6MzAwMDAwMDAwMDAwLCJ1cGRhdGUiOjEyMDAwMDAwMDAwMH19",
          "dependencies": [
            "data.aws_availability_zones.available",
            "module.vpc.aws_internet_gateway.this",
            "module.vpc.aws_route_table.public",
            "module.vpc.aws_vpc.this",
            "module.vpc.aws_vpc_ipv4_cidr_block_association.this"
          ]
        }
      ]
    },
    {
      "module": "module.vpc",
      "mode": "managed",
      "type": "aws_route_table",
      "name": "private",
      "provider": "provider[\"registry.terraform.io/hashicorp/aws\"]",
      "instances": [
        {
          "index_key": 0,
          "schema_version": 0,
          "attributes": {
            "arn": "arn:aws:ec2:us-east-1:006078069859:route-table/rtb-033b5266bff6c8272",
            "id": "rtb-033b5266bff6c8272",
            "owner_id": "006078069859",
            "propagating_vgws": [],
            "route": [
              {
                "carrier_gateway_id": "",
                "cidr_block": "0.0.0.0/0",
                "core_network_arn": "",
                "destination_prefix_list_id": "",
                "egress_only_gateway_id": "",
                "gateway_id": "",
                "instance_id": "",
                "ipv6_cidr_block": "",
                "local_gateway_id": "",
                "nat_gateway_id": "nat-0ab08c7315ad13971",
                "network_interface_id": "",
                "transit_gateway_id": "",
                "vpc_endpoint_id": "",
                "vpc_peering_connection_id": ""
              }
            ],
            "tags": {
              "Name": "eaesof-private"
            },
            "tags_all": {
              "Name": "eaesof-private",
              "auto-delete": "never"
            },
            "timeouts": null,
            "vpc_id": "vpc-0f396ac8a2b5165e0"
          },
          "sensitive_attributes": [],
          "private": "eyJlMmJmYjczMC1lY2FhLTExZTYtOGY4OC0zNDM2M2JjN2M0YzAiOnsiY3JlYXRlIjozMDAwMDAwMDAwMDAsImRlbGV0ZSI6MzAwMDAwMDAwMDAwLCJ1cGRhdGUiOjEyMDAwMDAwMDAwMH19",
          "dependencies": [
            "data.aws_availability_zones.available",
            "module.vpc.aws_vpc.this",
            "module.vpc.aws_vpc_ipv4_cidr_block_association.this"
          ]
        }
      ]
    },
    {
      "module": "module.vpc",
      "mode": "managed",
      "type": "aws_route_table",
      "name": "public",
      "provider": "provider[\"registry.terraform.io/hashicorp/aws\"]",
      "instances": [
        {
          "index_key": 0,
          "schema_version": 0,
          "attributes": {
            "arn": "arn:aws:ec2:us-east-1:006078069859:route-table/rtb-0d02f6a5b72633bb8",
            "id": "rtb-0d02f6a5b72633bb8",
            "owner_id": "006078069859",
            "propagating_vgws": [],
            "route": [
              {
                "carrier_gateway_id": "",
                "cidr_block": "0.0.0.0/0",
                "core_network_arn": "",
                "destination_prefix_list_id": "",
                "egress_only_gateway_id": "",
                "gateway_id": "igw-0e839ecf5b9ff42d2",
                "instance_id": "",
                "ipv6_cidr_block": "",
                "local_gateway_id": "",
                "nat_gateway_id": "",
                "network_interface_id": "",
                "transit_gateway_id": "",
                "vpc_endpoint_id": "",
                "vpc_peering_connection_id": ""
              }
            ],
            "tags": {
              "Name": "eaesof-public"
            },
            "tags_all": {
              "Name": "eaesof-public",
              "auto-delete": "never"
            },
            "timeouts": null,
            "vpc_id": "vpc-0f396ac8a2b5165e0"
          },
          "sensitive_attributes": [],
          "private": "eyJlMmJmYjczMC1lY2FhLTExZTYtOGY4OC0zNDM2M2JjN2M0YzAiOnsiY3JlYXRlIjozMDAwMDAwMDAwMDAsImRlbGV0ZSI6MzAwMDAwMDAwMDAwLCJ1cGRhdGUiOjEyMDAwMDAwMDAwMH19",
          "dependencies": [
            "data.aws_availability_zones.available",
            "module.vpc.aws_vpc.this",
            "module.vpc.aws_vpc_ipv4_cidr_block_association.this"
          ]
        }
      ]
    },
    {
      "module": "module.vpc",
      "mode": "managed",
      "type": "aws_route_table_association",
      "name": "private",
      "provider": "provider[\"registry.terraform.io/hashicorp/aws\"]",
      "instances": [
        {
          "index_key": 0,
          "schema_version": 0,
          "attributes": {
            "gateway_id": "",
            "id": "rtbassoc-057a6f97b5195f92f",
            "route_table_id": "rtb-033b5266bff6c8272",
            "subnet_id": "subnet-0b330b40771257a9f"
          },
          "sensitive_attributes": [],
          "private": "bnVsbA==",
          "dependencies": [
            "data.aws_availability_zones.available",
            "module.vpc.aws_route_table.private",
            "module.vpc.aws_subnet.private",
            "module.vpc.aws_vpc.this",
            "module.vpc.aws_vpc_ipv4_cidr_block_association.this"
          ]
        },
        {
          "index_key": 1,
          "schema_version": 0,
          "attributes": {
            "gateway_id": "",
            "id": "rtbassoc-0ec1a88e4f965200b",
            "route_table_id": "rtb-033b5266bff6c8272",
            "subnet_id": "subnet-0a51f9e943db7104f"
          },
          "sensitive_attributes": [],
          "private": "bnVsbA==",
          "dependencies": [
            "data.aws_availability_zones.available",
            "module.vpc.aws_route_table.private",
            "module.vpc.aws_subnet.private",
            "module.vpc.aws_vpc.this",
            "module.vpc.aws_vpc_ipv4_cidr_block_association.this"
          ]
        }
      ]
    },
    {
      "module": "module.vpc",
      "mode": "managed",
      "type": "aws_route_table_association",
      "name": "public",
      "provider": "provider[\"registry.terraform.io/hashicorp/aws\"]",
      "instances": [
        {
          "index_key": 0,
          "schema_version": 0,
          "attributes": {
            "gateway_id": "",
            "id": "rtbassoc-0d5b97938aa4685de",
            "route_table_id": "rtb-0d02f6a5b72633bb8",
            "subnet_id": "subnet-08b48e5b68d100155"
          },
          "sensitive_attributes": [],
          "private": "bnVsbA==",
          "dependencies": [
            "data.aws_availability_zones.available",
            "module.vpc.aws_route_table.public",
            "module.vpc.aws_subnet.public",
            "module.vpc.aws_vpc.this",
            "module.vpc.aws_vpc_ipv4_cidr_block_association.this"
          ]
        },
        {
          "index_key": 1,
          "schema_version": 0,
          "attributes": {
            "gateway_id": "",
            "id": "rtbassoc-0c797efd5f4c3b90d",
            "route_table_id": "rtb-0d02f6a5b72633bb8",
            "subnet_id": "subnet-03ce5d2b73d649a2c"
          },
          "sensitive_attributes": [],
          "private": "bnVsbA==",
          "dependencies": [
            "data.aws_availability_zones.available",
            "module.vpc.aws_route_table.public",
            "module.vpc.aws_subnet.public",
            "module.vpc.aws_vpc.this",
            "module.vpc.aws_vpc_ipv4_cidr_block_association.this"
          ]
        }
      ]
    },
    {
      "module": "module.vpc",
      "mode": "managed",
      "type": "aws_subnet",
      "name": "private",
      "provider": "provider[\"registry.terraform.io/hashicorp/aws\"]",
      "instances": [
        {
          "index_key": 0,
          "schema_version": 1,
          "attributes": {
            "arn": "arn:aws:ec2:us-east-1:006078069859:subnet/subnet-0b330b40771257a9f",
            "assign_ipv6_address_on_creation": false,
            "availability_zone": "us-east-1a",
            "availability_zone_id": "use1-az2",
            "cidr_block": "10.0.10.0/24",
            "customer_owned_ipv4_pool": "",
            "enable_dns64": false,
            "enable_resource_name_dns_a_record_on_launch": false,
            "enable_resource_name_dns_aaaa_record_on_launch": false,
            "id": "subnet-0b330b40771257a9f",
            "ipv6_cidr_block": "",
            "ipv6_cidr_block_association_id": "",
            "ipv6_native": false,
            "map_customer_owned_ip_on_launch": false,
            "map_public_ip_on_launch": false,
            "outpost_arn": "",
            "owner_id": "006078069859",
            "private_dns_hostname_type_on_launch": "ip-name",
            "tags": {
              "Name": "eaesof-private-us-east-1a"
            },
            "tags_all": {
              "Name": "eaesof-private-us-east-1a",
              "auto-delete": "never"
            },
            "timeouts": null,
            "vpc_id": "vpc-0f396ac8a2b5165e0"
          },
          "sensitive_attributes": [],
          "private": "eyJlMmJmYjczMC1lY2FhLTExZTYtOGY4OC0zNDM2M2JjN2M0YzAiOnsiY3JlYXRlIjo2MDAwMDAwMDAwMDAsImRlbGV0ZSI6MTIwMDAwMDAwMDAwMH0sInNjaGVtYV92ZXJzaW9uIjoiMSJ9",
          "dependencies": [
            "data.aws_availability_zones.available",
            "module.vpc.aws_vpc.this",
            "module.vpc.aws_vpc_ipv4_cidr_block_association.this"
          ]
        },
        {
          "index_key": 1,
          "schema_version": 1,
          "attributes": {
            "arn": "arn:aws:ec2:us-east-1:006078069859:subnet/subnet-0a51f9e943db7104f",
            "assign_ipv6_address_on_creation": false,
            "availability_zone": "us-east-1b",
            "availability_zone_id": "use1-az4",
            "cidr_block": "10.0.11.0/24",
            "customer_owned_ipv4_pool": "",
            "enable_dns64": false,
            "enable_resource_name_dns_a_record_on_launch": false,
            "enable_resource_name_dns_aaaa_record_on_launch": false,
            "id": "subnet-0a51f9e943db7104f",
            "ipv6_cidr_block": "",
            "ipv6_cidr_block_association_id": "",
            "ipv6_native": false,
            "map_customer_owned_ip_on_launch": false,
            "map_public_ip_on_launch": false,
            "outpost_arn": "",
            "owner_id": "006078069859",
            "private_dns_hostname_type_on_launch": "ip-name",
            "tags": {
              "Name": "eaesof-private-us-east-1b"
            },
            "tags_all": {
              "Name": "eaesof-private-us-east-1b",
              "auto-delete": "never"
            },
            "timeouts": null,
            "vpc_id": "vpc-0f396ac8a2b5165e0"
          },
          "sensitive_attributes": [],
          "private": "eyJlMmJmYjczMC1lY2FhLTExZTYtOGY4OC0zNDM2M2JjN2M0YzAiOnsiY3JlYXRlIjo2MDAwMDAwMDAwMDAsImRlbGV0ZSI6MTIwMDAwMDAwMDAwMH0sInNjaGVtYV92ZXJzaW9uIjoiMSJ9",
          "dependencies": [
            "data.aws_availability_zones.available",
            "module.vpc.aws_vpc.this",
            "module.vpc.aws_vpc_ipv4_cidr_block_association.this"
          ]
        }
      ]
    },
    {
      "module": "module.vpc",
      "mode": "managed",
      "type": "aws_subnet",
      "name": "public",
      "provider": "provider[\"registry.terraform.io/hashicorp/aws\"]",
      "instances": [
        {
          "index_key": 0,
          "schema_version": 1,
          "attributes": {
            "arn": "arn:aws:ec2:us-east-1:006078069859:subnet/subnet-08b48e5b68d100155",
            "assign_ipv6_address_on_creation": false,
            "availability_zone": "us-east-1a",
            "availability_zone_id": "use1-az2",
            "cidr_block": "10.0.0.0/24",
            "customer_owned_ipv4_pool": "",
            "enable_dns64": false,
            "enable_resource_name_dns_a_record_on_launch": false,
            "enable_resource_name_dns_aaaa_record_on_launch": false,
            "id": "subnet-08b48e5b68d100155",
            "ipv6_cidr_block": "",
            "ipv6_cidr_block_association_id": "",
            "ipv6_native": false,
            "map_customer_owned_ip_on_launch": false,
            "map_public_ip_on_launch": true,
            "outpost_arn": "",
            "owner_id": "006078069859",
            "private_dns_hostname_type_on_launch": "ip-name",
            "tags": {
              "Name": "eaesof-public-us-east-1a"
            },
            "tags_all": {
              "Name": "eaesof-public-us-east-1a",
              "auto-delete": "never"
            },
            "timeouts": null,
            "vpc_id": "vpc-0f396ac8a2b5165e0"
          },
          "sensitive_attributes": [],
          "private": "eyJlMmJmYjczMC1lY2FhLTExZTYtOGY4OC0zNDM2M2JjN2M0YzAiOnsiY3JlYXRlIjo2MDAwMDAwMDAwMDAsImRlbGV0ZSI6MTIwMDAwMDAwMDAwMH0sInNjaGVtYV92ZXJzaW9uIjoiMSJ9",
          "dependencies": [
            "data.aws_availability_zones.available",
            "module.vpc.aws_vpc.this",
            "module.vpc.aws_vpc_ipv4_cidr_block_association.this"
          ]
        },
        {
          "index_key": 1,
          "schema_version": 1,
          "attributes": {
            "arn": "arn:aws:ec2:us-east-1:006078069859:subnet/subnet-03ce5d2b73d649a2c",
            "assign_ipv6_address_on_creation": false,
            "availability_zone": "us-east-1b",
            "availability_zone_id": "use1-az4",
            "cidr_block": "10.0.1.0/24",
            "customer_owned_ipv4_pool": "",
            "enable_dns64": false,
            "enable_resource_name_dns_a_record_on_launch": false,
            "enable_resource_name_dns_aaaa_record_on_launch": false,
            "id": "subnet-03ce5d2b73d649a2c",
            "ipv6_cidr_block": "",
            "ipv6_cidr_block_association_id": "",
            "ipv6_native": false,
            "map_customer_owned_ip_on_launch": false,
            "map_public_ip_on_launch": true,
            "outpost_arn": "",
            "owner_id": "006078069859",
            "private_dns_hostname_type_on_launch": "ip-name",
            "tags": {
              "Name": "eaesof-public-us-east-1b"
            },
            "tags_all": {
              "Name": "eaesof-public-us-east-1b",
              "auto-delete": "never"
            },
            "timeouts": null,
            "vpc_id": "vpc-0f396ac8a2b5165e0"
          },
          "sensitive_attributes": [],
          "private": "eyJlMmJmYjczMC1lY2FhLTExZTYtOGY4OC0zNDM2M2JjN2M0YzAiOnsiY3JlYXRlIjo2MDAwMDAwMDAwMDAsImRlbGV0ZSI6MTIwMDAwMDAwMDAwMH0sInNjaGVtYV92ZXJzaW9uIjoiMSJ9",
          "dependencies": [
            "data.aws_availability_zones.available",
            "module.vpc.aws_vpc.this",
            "module.vpc.aws_vpc_ipv4_cidr_block_association.this"
          ]
        }
      ]
    },
    {
      "module": "module.vpc",
      "mode": "managed",
      "type": "aws_vpc",
      "name": "this",
      "provider": "provider[\"registry.terraform.io/hashicorp/aws\"]",
      "instances": [
        {
          "index_key": 0,
          "schema_version": 1,
          "attributes": {
            "arn": "arn:aws:ec2:us-east-1:006078069859:vpc/vpc-0f396ac8a2b5165e0",
            "assign_generated_ipv6_cidr_block": false,
            "cidr_block": "10.0.0.0/16",
            "default_network_acl_id": "acl-0c365994fb5374ba6",
            "default_route_table_id": "rtb-09852ed3978454172",
            "default_security_group_id": "sg-025b7c7a65b02b187",
            "dhcp_options_id": "dopt-0d2ff51dfc64248f4",
            "enable_classiclink": false,
            "enable_classiclink_dns_support": false,
            "enable_dns_hostnames": true,
            "enable_dns_support": true,
            "id": "vpc-0f396ac8a2b5165e0",
            "instance_tenancy": "default",
            "ipv4_ipam_pool_id": null,
            "ipv4_netmask_length": null,
            "ipv6_association_id": "",
            "ipv6_cidr_block": "",
            "ipv6_cidr_block_network_border_group": "",
            "ipv6_ipam_pool_id": "",
            "ipv6_netmask_length": 0,
            "main_route_table_id": "rtb-09852ed3978454172",
            "owner_id": "006078069859",
            "tags": {
              "Name": "eaesof"
            },
            "tags_all": {
              "Name": "eaesof",
              "auto-delete": "never"
            }
          },
          "sensitive_attributes": [],
          "private": "eyJzY2hlbWFfdmVyc2lvbiI6IjEifQ=="
        }
      ]
    }
  ],
  "check_results": []
}
